// !$*UTF8*$!
{
	archiveVersion = 1;
	classes = {
	};
	objectVersion = 46;
	objects = {

/* Begin PBXBuildFile section */
		1B010FA11ADF9B2600F37746 /* main.m in Sources */ = {isa = PBXBuildFile; fileRef = 1B010FA01ADF9B2600F37746 /* main.m */; };
		1B010FA41ADF9B2600F37746 /* AppDelegate.m in Sources */ = {isa = PBXBuildFile; fileRef = 1B010FA31ADF9B2600F37746 /* AppDelegate.m */; };
		1B010FAF1ADF9B2600F37746 /* Images.xcassets in Resources */ = {isa = PBXBuildFile; fileRef = 1B010FAE1ADF9B2600F37746 /* Images.xcassets */; };
		1B010FB21ADF9B2600F37746 /* LaunchScreen.xib in Resources */ = {isa = PBXBuildFile; fileRef = 1B010FB01ADF9B2600F37746 /* LaunchScreen.xib */; };
		1B010FCC1ADF9BC000F37746 /* RootViewController.m in Sources */ = {isa = PBXBuildFile; fileRef = 1B010FCB1ADF9BC000F37746 /* RootViewController.m */; };
		1B010FF91ADF9F3200F37746 /* UIKit.framework in Frameworks */ = {isa = PBXBuildFile; fileRef = 1B010FF81ADF9F3200F37746 /* UIKit.framework */; };
		1B010FFB1ADF9F3600F37746 /* MapKit.framework in Frameworks */ = {isa = PBXBuildFile; fileRef = 1B010FFA1ADF9F3600F37746 /* MapKit.framework */; };
		1B010FFD1ADF9F3F00F37746 /* ImageIO.framework in Frameworks */ = {isa = PBXBuildFile; fileRef = 1B010FFC1ADF9F3F00F37746 /* ImageIO.framework */; };
		1B010FFF1ADF9F4600F37746 /* CoreGraphics.framework in Frameworks */ = {isa = PBXBuildFile; fileRef = 1B010FFE1ADF9F4600F37746 /* CoreGraphics.framework */; };
		1B0110031ADFA86C00F37746 /* MobileCoreServices.framework in Frameworks */ = {isa = PBXBuildFile; fileRef = 1B0110021ADFA86C00F37746 /* MobileCoreServices.framework */; };
		1B0110051ADFA92C00F37746 /* AssetsLibrary.framework in Frameworks */ = {isa = PBXBuildFile; fileRef = 1B0110041ADFA92C00F37746 /* AssetsLibrary.framework */; };
		1B060DCE1BE76DAF00D098B2 /* DDArea.m in Sources */ = {isa = PBXBuildFile; fileRef = 1B060DCD1BE76DAF00D098B2 /* DDArea.m */; };
		1B06BE081BB63674009B587B /* DDNoteTableViewCell.m in Sources */ = {isa = PBXBuildFile; fileRef = 1B06BE071BB63674009B587B /* DDNoteTableViewCell.m */; };
		1B06BE0B1BB63C19009B587B /* DDSpotModel.m in Sources */ = {isa = PBXBuildFile; fileRef = 1B06BE0A1BB63C19009B587B /* DDSpotModel.m */; };
		1B1545631B5A3FCD007B41D5 /* DPhoto.m in Sources */ = {isa = PBXBuildFile; fileRef = 1B1545601B5A3FCD007B41D5 /* DPhoto.m */; };
		1B1545641B5A3FCD007B41D5 /* DGroup.m in Sources */ = {isa = PBXBuildFile; fileRef = 1B1545621B5A3FCD007B41D5 /* DGroup.m */; };
		1B1A37CC1B0AD0AC0075B9DE /* DAnnotation.m in Sources */ = {isa = PBXBuildFile; fileRef = 1B1A37CB1B0AD0AC0075B9DE /* DAnnotation.m */; };
		1B1C2D831BC3A662001496BC /* DDPopContainerView.m in Sources */ = {isa = PBXBuildFile; fileRef = 1B1C2D821BC3A662001496BC /* DDPopContainerView.m */; };
		1B1C2D861BC3BE4A001496BC /* DDTopMenuView.m in Sources */ = {isa = PBXBuildFile; fileRef = 1B1C2D851BC3BE4A001496BC /* DDTopMenuView.m */; };
		1B2CB78B1BD237CB005074EB /* DDSearchEmptyView.m in Sources */ = {isa = PBXBuildFile; fileRef = 1B2CB78A1BD237CB005074EB /* DDSearchEmptyView.m */; };
		1B3714DC1B8C46F200A49CC3 /* DDMenuButton.m in Sources */ = {isa = PBXBuildFile; fileRef = 1B3714DB1B8C46F200A49CC3 /* DDMenuButton.m */; };
		1B39992E1B1C687500FEA549 /* NSDate+Addition.m in Sources */ = {isa = PBXBuildFile; fileRef = 1B39992D1B1C687500FEA549 /* NSDate+Addition.m */; };
		1B3999391B1D9D9700FEA549 /* CLLocation+Addtion.m in Sources */ = {isa = PBXBuildFile; fileRef = 1B3999381B1D9D9700FEA549 /* CLLocation+Addtion.m */; };
		1B3A65A21BE9B50800BB0429 /* libMobClickLibrary.a in Frameworks */ = {isa = PBXBuildFile; fileRef = 1B3A659F1BE9B50800BB0429 /* libMobClickLibrary.a */; };
		1B3A65A41BE9B5FD00BB0429 /* CFNetwork.framework in Frameworks */ = {isa = PBXBuildFile; fileRef = 1B3A65A31BE9B5FD00BB0429 /* CFNetwork.framework */; };
		1B3A65A61BE9B60800BB0429 /* CoreTelephony.framework in Frameworks */ = {isa = PBXBuildFile; fileRef = 1B3A65A51BE9B60800BB0429 /* CoreTelephony.framework */; };
		1B3A65A81BE9B61400BB0429 /* AVFoundation.framework in Frameworks */ = {isa = PBXBuildFile; fileRef = 1B3A65A71BE9B61400BB0429 /* AVFoundation.framework */; };
		1B3A65AA1BE9B61D00BB0429 /* Security.framework in Frameworks */ = {isa = PBXBuildFile; fileRef = 1B3A65A91BE9B61D00BB0429 /* Security.framework */; };
		1B3A65AC1BE9B62600BB0429 /* CoreLocation.framework in Frameworks */ = {isa = PBXBuildFile; fileRef = 1B3A65AB1BE9B62600BB0429 /* CoreLocation.framework */; };
		1B3A65AE1BE9B63C00BB0429 /* SystemConfiguration.framework in Frameworks */ = {isa = PBXBuildFile; fileRef = 1B3A65AD1BE9B63C00BB0429 /* SystemConfiguration.framework */; };
		1B3A65B01BE9B65F00BB0429 /* OpenGLES.framework in Frameworks */ = {isa = PBXBuildFile; fileRef = 1B3A65AF1BE9B65F00BB0429 /* OpenGLES.framework */; };
		1B3A65B21BE9B66800BB0429 /* QuartzCore.framework in Frameworks */ = {isa = PBXBuildFile; fileRef = 1B3A65B11BE9B66800BB0429 /* QuartzCore.framework */; };
		1B3A65B41BE9B68400BB0429 /* libc++.tbd in Frameworks */ = {isa = PBXBuildFile; fileRef = 1B3A65B31BE9B68400BB0429 /* libc++.tbd */; };
		1B3A65B61BE9B6CE00BB0429 /* libz.tbd in Frameworks */ = {isa = PBXBuildFile; fileRef = 1B3A65B51BE9B6CE00BB0429 /* libz.tbd */; };
		1B58DB091BB2478B00F8FDE7 /* ASPageView.m in Sources */ = {isa = PBXBuildFile; fileRef = 1B58DAF41BB2478B00F8FDE7 /* ASPageView.m */; };
		1B58DB0A1BB2478B00F8FDE7 /* ASPickerView.m in Sources */ = {isa = PBXBuildFile; fileRef = 1B58DAF61BB2478B00F8FDE7 /* ASPickerView.m */; };
		1B58DB0B1BB2478B00F8FDE7 /* ASWaitingView.m in Sources */ = {isa = PBXBuildFile; fileRef = 1B58DAF81BB2478B00F8FDE7 /* ASWaitingView.m */; };
		1B58DB0C1BB2478B00F8FDE7 /* MJRefreshBaseView.m in Sources */ = {isa = PBXBuildFile; fileRef = 1B58DAFC1BB2478B00F8FDE7 /* MJRefreshBaseView.m */; };
		1B58DB0D1BB2478B00F8FDE7 /* MJRefreshConst.m in Sources */ = {isa = PBXBuildFile; fileRef = 1B58DAFE1BB2478B00F8FDE7 /* MJRefreshConst.m */; };
		1B58DB0E1BB2478B00F8FDE7 /* MJRefreshFooterView.m in Sources */ = {isa = PBXBuildFile; fileRef = 1B58DB001BB2478B00F8FDE7 /* MJRefreshFooterView.m */; };
		1B58DB0F1BB2478B00F8FDE7 /* MJRefreshHeaderView.m in Sources */ = {isa = PBXBuildFile; fileRef = 1B58DB021BB2478B00F8FDE7 /* MJRefreshHeaderView.m */; };
		1B58DB101BB2478B00F8FDE7 /* UIScrollView+MJExtension.m in Sources */ = {isa = PBXBuildFile; fileRef = 1B58DB041BB2478B00F8FDE7 /* UIScrollView+MJExtension.m */; };
		1B58DB111BB2478B00F8FDE7 /* UIScrollView+MJRefresh.m in Sources */ = {isa = PBXBuildFile; fileRef = 1B58DB061BB2478B00F8FDE7 /* UIScrollView+MJRefresh.m */; };
		1B58DB121BB2478B00F8FDE7 /* UIView+MJExtension.m in Sources */ = {isa = PBXBuildFile; fileRef = 1B58DB081BB2478B00F8FDE7 /* UIView+MJExtension.m */; };
		1B84A0721BEC3B28009F04EF /* DDSpotTableViewCell.m in Sources */ = {isa = PBXBuildFile; fileRef = 1B84A0711BEC3B28009F04EF /* DDSpotTableViewCell.m */; };
		1B84A0751BEC448A009F04EF /* DDNoteModel.m in Sources */ = {isa = PBXBuildFile; fileRef = 1B84A0741BEC448A009F04EF /* DDNoteModel.m */; };
		1B84A0781BEC7660009F04EF /* DDSpotDetailViewController.m in Sources */ = {isa = PBXBuildFile; fileRef = 1B84A0771BEC7660009F04EF /* DDSpotDetailViewController.m */; };
		1B9F758C1BEB29FD00640547 /* DDMddListModel.m in Sources */ = {isa = PBXBuildFile; fileRef = 1B9F758B1BEB29FD00640547 /* DDMddListModel.m */; };
		1B9F758F1BEB2C1300640547 /* DDCacheHelper.m in Sources */ = {isa = PBXBuildFile; fileRef = 1B9F758E1BEB2C1300640547 /* DDCacheHelper.m */; };
		1BADA3B21B8B09820071240C /* DDGradeView.m in Sources */ = {isa = PBXBuildFile; fileRef = 1BADA3B11B8B09820071240C /* DDGradeView.m */; };
		1BADA3B51B8B0DE20071240C /* UIFont+Addtion.m in Sources */ = {isa = PBXBuildFile; fileRef = 1BADA3B41B8B0DE20071240C /* UIFont+Addtion.m */; };
		1BADA3B81B8B0EB30071240C /* DDTagCollectionViewCell.m in Sources */ = {isa = PBXBuildFile; fileRef = 1BADA3B71B8B0EB30071240C /* DDTagCollectionViewCell.m */; };
		1BADA3BE1B8B13460071240C /* DDNoteViewController.m in Sources */ = {isa = PBXBuildFile; fileRef = 1BADA3BD1B8B13460071240C /* DDNoteViewController.m */; };
		1BADA3C11B8B1E980071240C /* DDLinkageView.m in Sources */ = {isa = PBXBuildFile; fileRef = 1BADA3C01B8B1E980071240C /* DDLinkageView.m */; };
		1BADA3C41B8B1F5D0071240C /* DDLinkageCell.m in Sources */ = {isa = PBXBuildFile; fileRef = 1BADA3C31B8B1F5D0071240C /* DDLinkageCell.m */; };
		1BADA3C71B8B211B0071240C /* DDPopAreaView.m in Sources */ = {isa = PBXBuildFile; fileRef = 1BADA3C61B8B211B0071240C /* DDPopAreaView.m */; };
		1BADA3CA1B8C0F000071240C /* DDTabBarViewController.m in Sources */ = {isa = PBXBuildFile; fileRef = 1BADA3C91B8C0F000071240C /* DDTabBarViewController.m */; };
		1BADA3CD1B8C0F7C0071240C /* UITabBarItem+Universal.m in Sources */ = {isa = PBXBuildFile; fileRef = 1BADA3CC1B8C0F7C0071240C /* UITabBarItem+Universal.m */; };
		1BB2EBC91BD241CB005A453F /* DDSearchHeaderCollectionReusableView.m in Sources */ = {isa = PBXBuildFile; fileRef = 1BB2EBC81BD241CB005A453F /* DDSearchHeaderCollectionReusableView.m */; };
		1BC461E01BCA38FE003550FC /* HttpUtil.m in Sources */ = {isa = PBXBuildFile; fileRef = 1BC461DF1BCA38FE003550FC /* HttpUtil.m */; };
		1BC461E31BCA3923003550FC /* Cipher.m in Sources */ = {isa = PBXBuildFile; fileRef = 1BC461E21BCA3923003550FC /* Cipher.m */; };
		1BC461E61BCA3942003550FC /* UIDevice+Addition.m in Sources */ = {isa = PBXBuildFile; fileRef = 1BC461E51BCA3942003550FC /* UIDevice+Addition.m */; };
		1BC461E91BCA3A49003550FC /* NSString+Addition.m in Sources */ = {isa = PBXBuildFile; fileRef = 1BC461E81BCA3A49003550FC /* NSString+Addition.m */; };
		1BC461EC1BCA3A75003550FC /* ASCache.m in Sources */ = {isa = PBXBuildFile; fileRef = 1BC461EB1BCA3A75003550FC /* ASCache.m */; };
		1BC461EF1BCA3B0D003550FC /* SSKeychain.m in Sources */ = {isa = PBXBuildFile; fileRef = 1BC461EE1BCA3B0D003550FC /* SSKeychain.m */; };
		1BC461F21BCA3B26003550FC /* SSKeychainQuery.m in Sources */ = {isa = PBXBuildFile; fileRef = 1BC461F11BCA3B26003550FC /* SSKeychainQuery.m */; };
		1BDC3E331B2972D500EE98EB /* UIView+Layout.m in Sources */ = {isa = PBXBuildFile; fileRef = 1BDC3E321B2972D500EE98EB /* UIView+Layout.m */; };
		1BE309781B4FC4120008EF74 /* DBSCAN.m in Sources */ = {isa = PBXBuildFile; fileRef = 1BE309771B4FC4120008EF74 /* DBSCAN.m */; };
		1BF278A71AE8EE5600022ACF /* UIImage+Scale.m in Sources */ = {isa = PBXBuildFile; fileRef = 1BF278A61AE8EE5600022ACF /* UIImage+Scale.m */; };
		F8AA14F9DC9FC35F97094910 /* libPods-diandi.a in Frameworks */ = {isa = PBXBuildFile; fileRef = 7C74C1D0035DADF754EEDD1A /* libPods-diandi.a */; };
/* End PBXBuildFile section */

/* Begin PBXFileReference section */
		1B010F9B1ADF9B2600F37746 /* diandi.app */ = {isa = PBXFileReference; explicitFileType = wrapper.application; includeInIndex = 0; path = diandi.app; sourceTree = BUILT_PRODUCTS_DIR; };
		1B010F9F1ADF9B2600F37746 /* Info.plist */ = {isa = PBXFileReference; lastKnownFileType = text.plist.xml; path = Info.plist; sourceTree = "<group>"; };
		1B010FA01ADF9B2600F37746 /* main.m */ = {isa = PBXFileReference; lastKnownFileType = sourcecode.c.objc; path = main.m; sourceTree = "<group>"; };
		1B010FA21ADF9B2600F37746 /* AppDelegate.h */ = {isa = PBXFileReference; lastKnownFileType = sourcecode.c.h; path = AppDelegate.h; sourceTree = "<group>"; };
		1B010FA31ADF9B2600F37746 /* AppDelegate.m */ = {isa = PBXFileReference; lastKnownFileType = sourcecode.c.objc; path = AppDelegate.m; sourceTree = "<group>"; };
		1B010FAE1ADF9B2600F37746 /* Images.xcassets */ = {isa = PBXFileReference; lastKnownFileType = folder.assetcatalog; path = Images.xcassets; sourceTree = "<group>"; };
		1B010FB11ADF9B2600F37746 /* Base */ = {isa = PBXFileReference; lastKnownFileType = file.xib; name = Base; path = Base.lproj/LaunchScreen.xib; sourceTree = "<group>"; };
		1B010FBC1ADF9B2600F37746 /* Info.plist */ = {isa = PBXFileReference; lastKnownFileType = text.plist.xml; path = Info.plist; sourceTree = "<group>"; };
		1B010FBD1ADF9B2600F37746 /* diandiTests.m */ = {isa = PBXFileReference; lastKnownFileType = sourcecode.c.objc; path = diandiTests.m; sourceTree = "<group>"; };
		1B010FCA1ADF9BC000F37746 /* RootViewController.h */ = {isa = PBXFileReference; fileEncoding = 4; lastKnownFileType = sourcecode.c.h; path = RootViewController.h; sourceTree = "<group>"; };
		1B010FCB1ADF9BC000F37746 /* RootViewController.m */ = {isa = PBXFileReference; fileEncoding = 4; lastKnownFileType = sourcecode.c.objc; path = RootViewController.m; sourceTree = "<group>"; };
		1B010FD01ADF9CFB00F37746 /* Define.h */ = {isa = PBXFileReference; lastKnownFileType = sourcecode.c.h; path = Define.h; sourceTree = "<group>"; };
		1B010FF61ADF9EB000F37746 /* diandi-Prefix.pch */ = {isa = PBXFileReference; fileEncoding = 4; lastKnownFileType = sourcecode.c.h; path = "diandi-Prefix.pch"; sourceTree = "<group>"; };
		1B010FF81ADF9F3200F37746 /* UIKit.framework */ = {isa = PBXFileReference; lastKnownFileType = wrapper.framework; name = UIKit.framework; path = System/Library/Frameworks/UIKit.framework; sourceTree = SDKROOT; };
		1B010FFA1ADF9F3600F37746 /* MapKit.framework */ = {isa = PBXFileReference; lastKnownFileType = wrapper.framework; name = MapKit.framework; path = System/Library/Frameworks/MapKit.framework; sourceTree = SDKROOT; };
		1B010FFC1ADF9F3F00F37746 /* ImageIO.framework */ = {isa = PBXFileReference; lastKnownFileType = wrapper.framework; name = ImageIO.framework; path = System/Library/Frameworks/ImageIO.framework; sourceTree = SDKROOT; };
		1B010FFE1ADF9F4600F37746 /* CoreGraphics.framework */ = {isa = PBXFileReference; lastKnownFileType = wrapper.framework; name = CoreGraphics.framework; path = System/Library/Frameworks/CoreGraphics.framework; sourceTree = SDKROOT; };
		1B0110001ADF9F6900F37746 /* CoreData.framework */ = {isa = PBXFileReference; lastKnownFileType = wrapper.framework; name = CoreData.framework; path = System/Library/Frameworks/CoreData.framework; sourceTree = SDKROOT; };
		1B0110021ADFA86C00F37746 /* MobileCoreServices.framework */ = {isa = PBXFileReference; lastKnownFileType = wrapper.framework; name = MobileCoreServices.framework; path = System/Library/Frameworks/MobileCoreServices.framework; sourceTree = SDKROOT; };
		1B0110041ADFA92C00F37746 /* AssetsLibrary.framework */ = {isa = PBXFileReference; lastKnownFileType = wrapper.framework; name = AssetsLibrary.framework; path = System/Library/Frameworks/AssetsLibrary.framework; sourceTree = SDKROOT; };
		1B0110091ADFB3C000F37746 /* libc++abi.dylib */ = {isa = PBXFileReference; lastKnownFileType = "compiled.mach-o.dylib"; name = "libc++abi.dylib"; path = "usr/lib/libc++abi.dylib"; sourceTree = SDKROOT; };
		1B060DCC1BE76DAF00D098B2 /* DDArea.h */ = {isa = PBXFileReference; fileEncoding = 4; lastKnownFileType = sourcecode.c.h; name = DDArea.h; path = diandi/DDArea.h; sourceTree = SOURCE_ROOT; };
		1B060DCD1BE76DAF00D098B2 /* DDArea.m */ = {isa = PBXFileReference; fileEncoding = 4; lastKnownFileType = sourcecode.c.objc; name = DDArea.m; path = diandi/DDArea.m; sourceTree = SOURCE_ROOT; };
		1B06BE061BB63674009B587B /* DDNoteTableViewCell.h */ = {isa = PBXFileReference; fileEncoding = 4; lastKnownFileType = sourcecode.c.h; path = DDNoteTableViewCell.h; sourceTree = "<group>"; };
		1B06BE071BB63674009B587B /* DDNoteTableViewCell.m */ = {isa = PBXFileReference; fileEncoding = 4; lastKnownFileType = sourcecode.c.objc; path = DDNoteTableViewCell.m; sourceTree = "<group>"; };
		1B06BE091BB63C19009B587B /* DDSpotModel.h */ = {isa = PBXFileReference; fileEncoding = 4; lastKnownFileType = sourcecode.c.h; name = DDSpotModel.h; path = diandi/Class/DDSpotModel.h; sourceTree = SOURCE_ROOT; };
		1B06BE0A1BB63C19009B587B /* DDSpotModel.m */ = {isa = PBXFileReference; fileEncoding = 4; lastKnownFileType = sourcecode.c.objc; name = DDSpotModel.m; path = diandi/Class/DDSpotModel.m; sourceTree = SOURCE_ROOT; };
		1B15455F1B5A3FCD007B41D5 /* DPhoto.h */ = {isa = PBXFileReference; fileEncoding = 4; lastKnownFileType = sourcecode.c.h; name = DPhoto.h; path = diandi/Class/DPhoto.h; sourceTree = SOURCE_ROOT; };
		1B1545601B5A3FCD007B41D5 /* DPhoto.m */ = {isa = PBXFileReference; fileEncoding = 4; lastKnownFileType = sourcecode.c.objc; name = DPhoto.m; path = diandi/Class/DPhoto.m; sourceTree = SOURCE_ROOT; };
		1B1545611B5A3FCD007B41D5 /* DGroup.h */ = {isa = PBXFileReference; fileEncoding = 4; lastKnownFileType = sourcecode.c.h; name = DGroup.h; path = diandi/Class/DGroup.h; sourceTree = SOURCE_ROOT; };
		1B1545621B5A3FCD007B41D5 /* DGroup.m */ = {isa = PBXFileReference; fileEncoding = 4; lastKnownFileType = sourcecode.c.objc; name = DGroup.m; path = diandi/Class/DGroup.m; sourceTree = SOURCE_ROOT; };
		1B1A37CA1B0AD0AC0075B9DE /* DAnnotation.h */ = {isa = PBXFileReference; fileEncoding = 4; lastKnownFileType = sourcecode.c.h; name = DAnnotation.h; path = diandi/Class/DAnnotation.h; sourceTree = SOURCE_ROOT; };
		1B1A37CB1B0AD0AC0075B9DE /* DAnnotation.m */ = {isa = PBXFileReference; fileEncoding = 4; lastKnownFileType = sourcecode.c.objc; name = DAnnotation.m; path = diandi/Class/DAnnotation.m; sourceTree = SOURCE_ROOT; };
		1B1C2D811BC3A662001496BC /* DDPopContainerView.h */ = {isa = PBXFileReference; fileEncoding = 4; lastKnownFileType = sourcecode.c.h; path = DDPopContainerView.h; sourceTree = "<group>"; };
		1B1C2D821BC3A662001496BC /* DDPopContainerView.m */ = {isa = PBXFileReference; fileEncoding = 4; lastKnownFileType = sourcecode.c.objc; path = DDPopContainerView.m; sourceTree = "<group>"; };
		1B1C2D841BC3BE4A001496BC /* DDTopMenuView.h */ = {isa = PBXFileReference; fileEncoding = 4; lastKnownFileType = sourcecode.c.h; path = DDTopMenuView.h; sourceTree = "<group>"; };
		1B1C2D851BC3BE4A001496BC /* DDTopMenuView.m */ = {isa = PBXFileReference; fileEncoding = 4; lastKnownFileType = sourcecode.c.objc; path = DDTopMenuView.m; sourceTree = "<group>"; };
		1B2CB7891BD237CB005074EB /* DDSearchEmptyView.h */ = {isa = PBXFileReference; fileEncoding = 4; lastKnownFileType = sourcecode.c.h; path = DDSearchEmptyView.h; sourceTree = "<group>"; };
		1B2CB78A1BD237CB005074EB /* DDSearchEmptyView.m */ = {isa = PBXFileReference; fileEncoding = 4; lastKnownFileType = sourcecode.c.objc; path = DDSearchEmptyView.m; sourceTree = "<group>"; };
		1B3714DA1B8C46F200A49CC3 /* DDMenuButton.h */ = {isa = PBXFileReference; fileEncoding = 4; lastKnownFileType = sourcecode.c.h; path = DDMenuButton.h; sourceTree = "<group>"; };
		1B3714DB1B8C46F200A49CC3 /* DDMenuButton.m */ = {isa = PBXFileReference; fileEncoding = 4; lastKnownFileType = sourcecode.c.objc; path = DDMenuButton.m; sourceTree = "<group>"; };
		1B39992C1B1C687500FEA549 /* NSDate+Addition.h */ = {isa = PBXFileReference; fileEncoding = 4; lastKnownFileType = sourcecode.c.h; path = "NSDate+Addition.h"; sourceTree = "<group>"; };
		1B39992D1B1C687500FEA549 /* NSDate+Addition.m */ = {isa = PBXFileReference; fileEncoding = 4; lastKnownFileType = sourcecode.c.objc; path = "NSDate+Addition.m"; sourceTree = "<group>"; };
		1B3999371B1D9D9700FEA549 /* CLLocation+Addtion.h */ = {isa = PBXFileReference; fileEncoding = 4; lastKnownFileType = sourcecode.c.h; path = "CLLocation+Addtion.h"; sourceTree = "<group>"; };
		1B3999381B1D9D9700FEA549 /* CLLocation+Addtion.m */ = {isa = PBXFileReference; fileEncoding = 4; lastKnownFileType = sourcecode.c.objc; path = "CLLocation+Addtion.m"; sourceTree = "<group>"; };
		1B3A659F1BE9B50800BB0429 /* libMobClickLibrary.a */ = {isa = PBXFileReference; lastKnownFileType = archive.ar; path = libMobClickLibrary.a; sourceTree = "<group>"; };
		1B3A65A01BE9B50800BB0429 /* MobClick.h */ = {isa = PBXFileReference; fileEncoding = 4; lastKnownFileType = sourcecode.c.h; path = MobClick.h; sourceTree = "<group>"; };
		1B3A65A11BE9B50800BB0429 /* MobClickSocialAnalytics.h */ = {isa = PBXFileReference; fileEncoding = 4; lastKnownFileType = sourcecode.c.h; path = MobClickSocialAnalytics.h; sourceTree = "<group>"; };
		1B3A65A31BE9B5FD00BB0429 /* CFNetwork.framework */ = {isa = PBXFileReference; lastKnownFileType = wrapper.framework; name = CFNetwork.framework; path = System/Library/Frameworks/CFNetwork.framework; sourceTree = SDKROOT; };
		1B3A65A51BE9B60800BB0429 /* CoreTelephony.framework */ = {isa = PBXFileReference; lastKnownFileType = wrapper.framework; name = CoreTelephony.framework; path = System/Library/Frameworks/CoreTelephony.framework; sourceTree = SDKROOT; };
		1B3A65A71BE9B61400BB0429 /* AVFoundation.framework */ = {isa = PBXFileReference; lastKnownFileType = wrapper.framework; name = AVFoundation.framework; path = System/Library/Frameworks/AVFoundation.framework; sourceTree = SDKROOT; };
		1B3A65A91BE9B61D00BB0429 /* Security.framework */ = {isa = PBXFileReference; lastKnownFileType = wrapper.framework; name = Security.framework; path = System/Library/Frameworks/Security.framework; sourceTree = SDKROOT; };
		1B3A65AB1BE9B62600BB0429 /* CoreLocation.framework */ = {isa = PBXFileReference; lastKnownFileType = wrapper.framework; name = CoreLocation.framework; path = System/Library/Frameworks/CoreLocation.framework; sourceTree = SDKROOT; };
		1B3A65AD1BE9B63C00BB0429 /* SystemConfiguration.framework */ = {isa = PBXFileReference; lastKnownFileType = wrapper.framework; name = SystemConfiguration.framework; path = System/Library/Frameworks/SystemConfiguration.framework; sourceTree = SDKROOT; };
		1B3A65AF1BE9B65F00BB0429 /* OpenGLES.framework */ = {isa = PBXFileReference; lastKnownFileType = wrapper.framework; name = OpenGLES.framework; path = System/Library/Frameworks/OpenGLES.framework; sourceTree = SDKROOT; };
		1B3A65B11BE9B66800BB0429 /* QuartzCore.framework */ = {isa = PBXFileReference; lastKnownFileType = wrapper.framework; name = QuartzCore.framework; path = System/Library/Frameworks/QuartzCore.framework; sourceTree = SDKROOT; };
		1B3A65B31BE9B68400BB0429 /* libc++.tbd */ = {isa = PBXFileReference; lastKnownFileType = "sourcecode.text-based-dylib-definition"; name = "libc++.tbd"; path = "usr/lib/libc++.tbd"; sourceTree = SDKROOT; };
		1B3A65B51BE9B6CE00BB0429 /* libz.tbd */ = {isa = PBXFileReference; lastKnownFileType = "sourcecode.text-based-dylib-definition"; name = libz.tbd; path = usr/lib/libz.tbd; sourceTree = SDKROOT; };
		1B58DAF31BB2478B00F8FDE7 /* ASPageView.h */ = {isa = PBXFileReference; fileEncoding = 4; lastKnownFileType = sourcecode.c.h; path = ASPageView.h; sourceTree = "<group>"; };
		1B58DAF41BB2478B00F8FDE7 /* ASPageView.m */ = {isa = PBXFileReference; fileEncoding = 4; lastKnownFileType = sourcecode.c.objc; path = ASPageView.m; sourceTree = "<group>"; };
		1B58DAF51BB2478B00F8FDE7 /* ASPickerView.h */ = {isa = PBXFileReference; fileEncoding = 4; lastKnownFileType = sourcecode.c.h; path = ASPickerView.h; sourceTree = "<group>"; };
		1B58DAF61BB2478B00F8FDE7 /* ASPickerView.m */ = {isa = PBXFileReference; fileEncoding = 4; lastKnownFileType = sourcecode.c.objc; path = ASPickerView.m; sourceTree = "<group>"; };
		1B58DAF71BB2478B00F8FDE7 /* ASWaitingView.h */ = {isa = PBXFileReference; fileEncoding = 4; lastKnownFileType = sourcecode.c.h; path = ASWaitingView.h; sourceTree = "<group>"; };
		1B58DAF81BB2478B00F8FDE7 /* ASWaitingView.m */ = {isa = PBXFileReference; fileEncoding = 4; lastKnownFileType = sourcecode.c.objc; path = ASWaitingView.m; sourceTree = "<group>"; };
		1B58DAFA1BB2478B00F8FDE7 /* MJRefresh.h */ = {isa = PBXFileReference; fileEncoding = 4; lastKnownFileType = sourcecode.c.h; path = MJRefresh.h; sourceTree = "<group>"; };
		1B58DAFB1BB2478B00F8FDE7 /* MJRefreshBaseView.h */ = {isa = PBXFileReference; fileEncoding = 4; lastKnownFileType = sourcecode.c.h; path = MJRefreshBaseView.h; sourceTree = "<group>"; };
		1B58DAFC1BB2478B00F8FDE7 /* MJRefreshBaseView.m */ = {isa = PBXFileReference; fileEncoding = 4; lastKnownFileType = sourcecode.c.objc; path = MJRefreshBaseView.m; sourceTree = "<group>"; };
		1B58DAFD1BB2478B00F8FDE7 /* MJRefreshConst.h */ = {isa = PBXFileReference; fileEncoding = 4; lastKnownFileType = sourcecode.c.h; path = MJRefreshConst.h; sourceTree = "<group>"; };
		1B58DAFE1BB2478B00F8FDE7 /* MJRefreshConst.m */ = {isa = PBXFileReference; fileEncoding = 4; lastKnownFileType = sourcecode.c.objc; path = MJRefreshConst.m; sourceTree = "<group>"; };
		1B58DAFF1BB2478B00F8FDE7 /* MJRefreshFooterView.h */ = {isa = PBXFileReference; fileEncoding = 4; lastKnownFileType = sourcecode.c.h; path = MJRefreshFooterView.h; sourceTree = "<group>"; };
		1B58DB001BB2478B00F8FDE7 /* MJRefreshFooterView.m */ = {isa = PBXFileReference; fileEncoding = 4; lastKnownFileType = sourcecode.c.objc; path = MJRefreshFooterView.m; sourceTree = "<group>"; };
		1B58DB011BB2478B00F8FDE7 /* MJRefreshHeaderView.h */ = {isa = PBXFileReference; fileEncoding = 4; lastKnownFileType = sourcecode.c.h; path = MJRefreshHeaderView.h; sourceTree = "<group>"; };
		1B58DB021BB2478B00F8FDE7 /* MJRefreshHeaderView.m */ = {isa = PBXFileReference; fileEncoding = 4; lastKnownFileType = sourcecode.c.objc; path = MJRefreshHeaderView.m; sourceTree = "<group>"; };
		1B58DB031BB2478B00F8FDE7 /* UIScrollView+MJExtension.h */ = {isa = PBXFileReference; fileEncoding = 4; lastKnownFileType = sourcecode.c.h; path = "UIScrollView+MJExtension.h"; sourceTree = "<group>"; };
		1B58DB041BB2478B00F8FDE7 /* UIScrollView+MJExtension.m */ = {isa = PBXFileReference; fileEncoding = 4; lastKnownFileType = sourcecode.c.objc; path = "UIScrollView+MJExtension.m"; sourceTree = "<group>"; };
		1B58DB051BB2478B00F8FDE7 /* UIScrollView+MJRefresh.h */ = {isa = PBXFileReference; fileEncoding = 4; lastKnownFileType = sourcecode.c.h; path = "UIScrollView+MJRefresh.h"; sourceTree = "<group>"; };
		1B58DB061BB2478B00F8FDE7 /* UIScrollView+MJRefresh.m */ = {isa = PBXFileReference; fileEncoding = 4; lastKnownFileType = sourcecode.c.objc; path = "UIScrollView+MJRefresh.m"; sourceTree = "<group>"; };
		1B58DB071BB2478B00F8FDE7 /* UIView+MJExtension.h */ = {isa = PBXFileReference; fileEncoding = 4; lastKnownFileType = sourcecode.c.h; path = "UIView+MJExtension.h"; sourceTree = "<group>"; };
		1B58DB081BB2478B00F8FDE7 /* UIView+MJExtension.m */ = {isa = PBXFileReference; fileEncoding = 4; lastKnownFileType = sourcecode.c.objc; path = "UIView+MJExtension.m"; sourceTree = "<group>"; };
		1B84A0701BEC3B28009F04EF /* DDSpotTableViewCell.h */ = {isa = PBXFileReference; fileEncoding = 4; lastKnownFileType = sourcecode.c.h; path = DDSpotTableViewCell.h; sourceTree = "<group>"; };
		1B84A0711BEC3B28009F04EF /* DDSpotTableViewCell.m */ = {isa = PBXFileReference; fileEncoding = 4; lastKnownFileType = sourcecode.c.objc; path = DDSpotTableViewCell.m; sourceTree = "<group>"; };
		1B84A0731BEC448A009F04EF /* DDNoteModel.h */ = {isa = PBXFileReference; fileEncoding = 4; lastKnownFileType = sourcecode.c.h; name = DDNoteModel.h; path = diandi/Class/DDNoteModel.h; sourceTree = SOURCE_ROOT; };
		1B84A0741BEC448A009F04EF /* DDNoteModel.m */ = {isa = PBXFileReference; fileEncoding = 4; lastKnownFileType = sourcecode.c.objc; name = DDNoteModel.m; path = diandi/Class/DDNoteModel.m; sourceTree = SOURCE_ROOT; };
		1B84A0761BEC7660009F04EF /* DDSpotDetailViewController.h */ = {isa = PBXFileReference; fileEncoding = 4; lastKnownFileType = sourcecode.c.h; path = DDSpotDetailViewController.h; sourceTree = "<group>"; };
		1B84A0771BEC7660009F04EF /* DDSpotDetailViewController.m */ = {isa = PBXFileReference; fileEncoding = 4; lastKnownFileType = sourcecode.c.objc; path = DDSpotDetailViewController.m; sourceTree = "<group>"; };
		1B9F758A1BEB29FD00640547 /* DDMddListModel.h */ = {isa = PBXFileReference; fileEncoding = 4; lastKnownFileType = sourcecode.c.h; name = DDMddListModel.h; path = diandi/Class/DDMddListModel.h; sourceTree = SOURCE_ROOT; };
		1B9F758B1BEB29FD00640547 /* DDMddListModel.m */ = {isa = PBXFileReference; fileEncoding = 4; lastKnownFileType = sourcecode.c.objc; name = DDMddListModel.m; path = diandi/Class/DDMddListModel.m; sourceTree = SOURCE_ROOT; };
		1B9F758D1BEB2C1300640547 /* DDCacheHelper.h */ = {isa = PBXFileReference; fileEncoding = 4; lastKnownFileType = sourcecode.c.h; path = DDCacheHelper.h; sourceTree = "<group>"; };
		1B9F758E1BEB2C1300640547 /* DDCacheHelper.m */ = {isa = PBXFileReference; fileEncoding = 4; lastKnownFileType = sourcecode.c.objc; path = DDCacheHelper.m; sourceTree = "<group>"; };
		1BADA3B01B8B09820071240C /* DDGradeView.h */ = {isa = PBXFileReference; fileEncoding = 4; lastKnownFileType = sourcecode.c.h; path = DDGradeView.h; sourceTree = "<group>"; };
		1BADA3B11B8B09820071240C /* DDGradeView.m */ = {isa = PBXFileReference; fileEncoding = 4; lastKnownFileType = sourcecode.c.objc; path = DDGradeView.m; sourceTree = "<group>"; };
		1BADA3B31B8B0DE20071240C /* UIFont+Addtion.h */ = {isa = PBXFileReference; fileEncoding = 4; lastKnownFileType = sourcecode.c.h; path = "UIFont+Addtion.h"; sourceTree = "<group>"; };
		1BADA3B41B8B0DE20071240C /* UIFont+Addtion.m */ = {isa = PBXFileReference; fileEncoding = 4; lastKnownFileType = sourcecode.c.objc; path = "UIFont+Addtion.m"; sourceTree = "<group>"; };
		1BADA3B61B8B0EB30071240C /* DDTagCollectionViewCell.h */ = {isa = PBXFileReference; fileEncoding = 4; lastKnownFileType = sourcecode.c.h; path = DDTagCollectionViewCell.h; sourceTree = "<group>"; };
		1BADA3B71B8B0EB30071240C /* DDTagCollectionViewCell.m */ = {isa = PBXFileReference; fileEncoding = 4; lastKnownFileType = sourcecode.c.objc; path = DDTagCollectionViewCell.m; sourceTree = "<group>"; };
		1BADA3BC1B8B13460071240C /* DDNoteViewController.h */ = {isa = PBXFileReference; fileEncoding = 4; lastKnownFileType = sourcecode.c.h; path = DDNoteViewController.h; sourceTree = "<group>"; };
		1BADA3BD1B8B13460071240C /* DDNoteViewController.m */ = {isa = PBXFileReference; fileEncoding = 4; lastKnownFileType = sourcecode.c.objc; path = DDNoteViewController.m; sourceTree = "<group>"; };
		1BADA3BF1B8B1E980071240C /* DDLinkageView.h */ = {isa = PBXFileReference; fileEncoding = 4; lastKnownFileType = sourcecode.c.h; path = DDLinkageView.h; sourceTree = "<group>"; };
		1BADA3C01B8B1E980071240C /* DDLinkageView.m */ = {isa = PBXFileReference; fileEncoding = 4; lastKnownFileType = sourcecode.c.objc; path = DDLinkageView.m; sourceTree = "<group>"; };
		1BADA3C21B8B1F5D0071240C /* DDLinkageCell.h */ = {isa = PBXFileReference; fileEncoding = 4; lastKnownFileType = sourcecode.c.h; path = DDLinkageCell.h; sourceTree = "<group>"; };
		1BADA3C31B8B1F5D0071240C /* DDLinkageCell.m */ = {isa = PBXFileReference; fileEncoding = 4; lastKnownFileType = sourcecode.c.objc; path = DDLinkageCell.m; sourceTree = "<group>"; };
		1BADA3C51B8B211B0071240C /* DDPopAreaView.h */ = {isa = PBXFileReference; fileEncoding = 4; lastKnownFileType = sourcecode.c.h; path = DDPopAreaView.h; sourceTree = "<group>"; };
		1BADA3C61B8B211B0071240C /* DDPopAreaView.m */ = {isa = PBXFileReference; fileEncoding = 4; lastKnownFileType = sourcecode.c.objc; path = DDPopAreaView.m; sourceTree = "<group>"; };
		1BADA3C81B8C0F000071240C /* DDTabBarViewController.h */ = {isa = PBXFileReference; fileEncoding = 4; lastKnownFileType = sourcecode.c.h; path = DDTabBarViewController.h; sourceTree = "<group>"; };
		1BADA3C91B8C0F000071240C /* DDTabBarViewController.m */ = {isa = PBXFileReference; fileEncoding = 4; lastKnownFileType = sourcecode.c.objc; path = DDTabBarViewController.m; sourceTree = "<group>"; };
		1BADA3CB1B8C0F7C0071240C /* UITabBarItem+Universal.h */ = {isa = PBXFileReference; fileEncoding = 4; lastKnownFileType = sourcecode.c.h; path = "UITabBarItem+Universal.h"; sourceTree = "<group>"; };
		1BADA3CC1B8C0F7C0071240C /* UITabBarItem+Universal.m */ = {isa = PBXFileReference; fileEncoding = 4; lastKnownFileType = sourcecode.c.objc; path = "UITabBarItem+Universal.m"; sourceTree = "<group>"; };
		1BB2EBC71BD241CB005A453F /* DDSearchHeaderCollectionReusableView.h */ = {isa = PBXFileReference; fileEncoding = 4; lastKnownFileType = sourcecode.c.h; path = DDSearchHeaderCollectionReusableView.h; sourceTree = "<group>"; };
		1BB2EBC81BD241CB005A453F /* DDSearchHeaderCollectionReusableView.m */ = {isa = PBXFileReference; fileEncoding = 4; lastKnownFileType = sourcecode.c.objc; path = DDSearchHeaderCollectionReusableView.m; sourceTree = "<group>"; };
		1BC461DE1BCA38FE003550FC /* HttpUtil.h */ = {isa = PBXFileReference; fileEncoding = 4; lastKnownFileType = sourcecode.c.h; path = HttpUtil.h; sourceTree = "<group>"; };
		1BC461DF1BCA38FE003550FC /* HttpUtil.m */ = {isa = PBXFileReference; fileEncoding = 4; lastKnownFileType = sourcecode.c.objc; path = HttpUtil.m; sourceTree = "<group>"; };
		1BC461E11BCA3923003550FC /* Cipher.h */ = {isa = PBXFileReference; fileEncoding = 4; lastKnownFileType = sourcecode.c.h; path = Cipher.h; sourceTree = "<group>"; };
		1BC461E21BCA3923003550FC /* Cipher.m */ = {isa = PBXFileReference; fileEncoding = 4; lastKnownFileType = sourcecode.c.objc; path = Cipher.m; sourceTree = "<group>"; };
		1BC461E41BCA3942003550FC /* UIDevice+Addition.h */ = {isa = PBXFileReference; fileEncoding = 4; lastKnownFileType = sourcecode.c.h; path = "UIDevice+Addition.h"; sourceTree = "<group>"; };
		1BC461E51BCA3942003550FC /* UIDevice+Addition.m */ = {isa = PBXFileReference; fileEncoding = 4; lastKnownFileType = sourcecode.c.objc; path = "UIDevice+Addition.m"; sourceTree = "<group>"; };
		1BC461E71BCA3A49003550FC /* NSString+Addition.h */ = {isa = PBXFileReference; fileEncoding = 4; lastKnownFileType = sourcecode.c.h; path = "NSString+Addition.h"; sourceTree = "<group>"; };
		1BC461E81BCA3A49003550FC /* NSString+Addition.m */ = {isa = PBXFileReference; fileEncoding = 4; lastKnownFileType = sourcecode.c.objc; path = "NSString+Addition.m"; sourceTree = "<group>"; };
		1BC461EA1BCA3A75003550FC /* ASCache.h */ = {isa = PBXFileReference; fileEncoding = 4; lastKnownFileType = sourcecode.c.h; path = ASCache.h; sourceTree = "<group>"; };
		1BC461EB1BCA3A75003550FC /* ASCache.m */ = {isa = PBXFileReference; fileEncoding = 4; lastKnownFileType = sourcecode.c.objc; path = ASCache.m; sourceTree = "<group>"; };
		1BC461ED1BCA3B0D003550FC /* SSKeychain.h */ = {isa = PBXFileReference; fileEncoding = 4; lastKnownFileType = sourcecode.c.h; path = SSKeychain.h; sourceTree = "<group>"; };
		1BC461EE1BCA3B0D003550FC /* SSKeychain.m */ = {isa = PBXFileReference; fileEncoding = 4; lastKnownFileType = sourcecode.c.objc; path = SSKeychain.m; sourceTree = "<group>"; };
		1BC461F01BCA3B26003550FC /* SSKeychainQuery.h */ = {isa = PBXFileReference; fileEncoding = 4; lastKnownFileType = sourcecode.c.h; path = SSKeychainQuery.h; sourceTree = "<group>"; };
		1BC461F11BCA3B26003550FC /* SSKeychainQuery.m */ = {isa = PBXFileReference; fileEncoding = 4; lastKnownFileType = sourcecode.c.objc; path = SSKeychainQuery.m; sourceTree = "<group>"; };
		1BDC3E311B2972D500EE98EB /* UIView+Layout.h */ = {isa = PBXFileReference; fileEncoding = 4; lastKnownFileType = sourcecode.c.h; path = "UIView+Layout.h"; sourceTree = "<group>"; };
		1BDC3E321B2972D500EE98EB /* UIView+Layout.m */ = {isa = PBXFileReference; fileEncoding = 4; lastKnownFileType = sourcecode.c.objc; path = "UIView+Layout.m"; sourceTree = "<group>"; };
		1BE309761B4FC4120008EF74 /* DBSCAN.h */ = {isa = PBXFileReference; fileEncoding = 4; lastKnownFileType = sourcecode.c.h; path = DBSCAN.h; sourceTree = "<group>"; };
		1BE309771B4FC4120008EF74 /* DBSCAN.m */ = {isa = PBXFileReference; fileEncoding = 4; lastKnownFileType = sourcecode.c.objc; path = DBSCAN.m; sourceTree = "<group>"; };
		1BF278A51AE8EE5600022ACF /* UIImage+Scale.h */ = {isa = PBXFileReference; fileEncoding = 4; lastKnownFileType = sourcecode.c.h; path = "UIImage+Scale.h"; sourceTree = "<group>"; };
		1BF278A61AE8EE5600022ACF /* UIImage+Scale.m */ = {isa = PBXFileReference; fileEncoding = 4; lastKnownFileType = sourcecode.c.objc; path = "UIImage+Scale.m"; sourceTree = "<group>"; };
		1BF597F51B1709A50037A507 /* libsqlite3.dylib */ = {isa = PBXFileReference; lastKnownFileType = "compiled.mach-o.dylib"; name = libsqlite3.dylib; path = usr/lib/libsqlite3.dylib; sourceTree = SDKROOT; };
		7C74C1D0035DADF754EEDD1A /* libPods-diandi.a */ = {isa = PBXFileReference; explicitFileType = archive.ar; includeInIndex = 0; path = "libPods-diandi.a"; sourceTree = BUILT_PRODUCTS_DIR; };
		E84A626A42C6A40DB687C670 /* Pods-diandi.release.xcconfig */ = {isa = PBXFileReference; includeInIndex = 1; lastKnownFileType = text.xcconfig; name = "Pods-diandi.release.xcconfig"; path = "Pods/Target Support Files/Pods-diandi/Pods-diandi.release.xcconfig"; sourceTree = "<group>"; };
		F3B51D707D8013AB76238B33 /* Pods-diandi.debug.xcconfig */ = {isa = PBXFileReference; includeInIndex = 1; lastKnownFileType = text.xcconfig; name = "Pods-diandi.debug.xcconfig"; path = "Pods/Target Support Files/Pods-diandi/Pods-diandi.debug.xcconfig"; sourceTree = "<group>"; };
/* End PBXFileReference section */

/* Begin PBXFrameworksBuildPhase section */
		1B010F981ADF9B2600F37746 /* Frameworks */ = {
			isa = PBXFrameworksBuildPhase;
			buildActionMask = 2147483647;
			files = (
				1B3A65B61BE9B6CE00BB0429 /* libz.tbd in Frameworks */,
				1B3A65B41BE9B68400BB0429 /* libc++.tbd in Frameworks */,
				1B3A65B21BE9B66800BB0429 /* QuartzCore.framework in Frameworks */,
				1B3A65B01BE9B65F00BB0429 /* OpenGLES.framework in Frameworks */,
				1B3A65AE1BE9B63C00BB0429 /* SystemConfiguration.framework in Frameworks */,
				1B3A65AC1BE9B62600BB0429 /* CoreLocation.framework in Frameworks */,
				1B3A65AA1BE9B61D00BB0429 /* Security.framework in Frameworks */,
				1B3A65A81BE9B61400BB0429 /* AVFoundation.framework in Frameworks */,
				1B3A65A61BE9B60800BB0429 /* CoreTelephony.framework in Frameworks */,
				1B3A65A41BE9B5FD00BB0429 /* CFNetwork.framework in Frameworks */,
				1B3A65A21BE9B50800BB0429 /* libMobClickLibrary.a in Frameworks */,
				1B0110051ADFA92C00F37746 /* AssetsLibrary.framework in Frameworks */,
				1B0110031ADFA86C00F37746 /* MobileCoreServices.framework in Frameworks */,
				1B010FFF1ADF9F4600F37746 /* CoreGraphics.framework in Frameworks */,
				1B010FFD1ADF9F3F00F37746 /* ImageIO.framework in Frameworks */,
				1B010FFB1ADF9F3600F37746 /* MapKit.framework in Frameworks */,
				1B010FF91ADF9F3200F37746 /* UIKit.framework in Frameworks */,
				F8AA14F9DC9FC35F97094910 /* libPods-diandi.a in Frameworks */,
			);
			runOnlyForDeploymentPostprocessing = 0;
		};
/* End PBXFrameworksBuildPhase section */

/* Begin PBXGroup section */
		1B010F921ADF9B2600F37746 = {
			isa = PBXGroup;
			children = (
				1B010F9D1ADF9B2600F37746 /* diandi */,
				1B010FBA1ADF9B2600F37746 /* diandiTests */,
				1B010FF71ADF9F1C00F37746 /* Frameworks */,
				1B010F9C1ADF9B2600F37746 /* Products */,
				970778CA47626A323ECD1FB0 /* Pods */,
			);
			sourceTree = "<group>";
		};
		1B010F9C1ADF9B2600F37746 /* Products */ = {
			isa = PBXGroup;
			children = (
				1B010F9B1ADF9B2600F37746 /* diandi.app */,
			);
			name = Products;
			sourceTree = "<group>";
		};
		1B010F9D1ADF9B2600F37746 /* diandi */ = {
			isa = PBXGroup;
			children = (
				1B010FA21ADF9B2600F37746 /* AppDelegate.h */,
				1B010FA31ADF9B2600F37746 /* AppDelegate.m */,
				1B010FC71ADF9B4400F37746 /* Class */,
				1B010FD01ADF9CFB00F37746 /* Define.h */,
				1B010FAE1ADF9B2600F37746 /* Images.xcassets */,
				1B010FB01ADF9B2600F37746 /* LaunchScreen.xib */,
				1B010FC81ADF9B4400F37746 /* Model */,
				1B010FC91ADF9B4400F37746 /* plusin */,
				1B010FCA1ADF9BC000F37746 /* RootViewController.h */,
				1B010FCB1ADF9BC000F37746 /* RootViewController.m */,
				1B010F9E1ADF9B2600F37746 /* Supporting Files */,
			);
			path = diandi;
			sourceTree = "<group>";
		};
		1B010F9E1ADF9B2600F37746 /* Supporting Files */ = {
			isa = PBXGroup;
			children = (
				1B010F9F1ADF9B2600F37746 /* Info.plist */,
				1B010FA01ADF9B2600F37746 /* main.m */,
				1B010FF61ADF9EB000F37746 /* diandi-Prefix.pch */,
			);
			name = "Supporting Files";
			sourceTree = "<group>";
		};
		1B010FBA1ADF9B2600F37746 /* diandiTests */ = {
			isa = PBXGroup;
			children = (
				1B010FBD1ADF9B2600F37746 /* diandiTests.m */,
				1B010FBB1ADF9B2600F37746 /* Supporting Files */,
			);
			path = diandiTests;
			sourceTree = "<group>";
		};
		1B010FBB1ADF9B2600F37746 /* Supporting Files */ = {
			isa = PBXGroup;
			children = (
				1B010FBC1ADF9B2600F37746 /* Info.plist */,
			);
			name = "Supporting Files";
			sourceTree = "<group>";
		};
		1B010FC71ADF9B4400F37746 /* Class */ = {
			isa = PBXGroup;
			children = (
				1B58DAF21BB2477B00F8FDE7 /* generalView */,
				1BF597FA1B181C230037A507 /* View */,
				1BADA3BC1B8B13460071240C /* DDNoteViewController.h */,
				1BADA3BD1B8B13460071240C /* DDNoteViewController.m */,
				1BADA3C81B8C0F000071240C /* DDTabBarViewController.h */,
				1BADA3C91B8C0F000071240C /* DDTabBarViewController.m */,
				1B84A0761BEC7660009F04EF /* DDSpotDetailViewController.h */,
				1B84A0771BEC7660009F04EF /* DDSpotDetailViewController.m */,
			);
			path = Class;
			sourceTree = "<group>";
		};
		1B010FC81ADF9B4400F37746 /* Model */ = {
			isa = PBXGroup;
			children = (
				1B1A37CA1B0AD0AC0075B9DE /* DAnnotation.h */,
				1B1A37CB1B0AD0AC0075B9DE /* DAnnotation.m */,
				1B060DCC1BE76DAF00D098B2 /* DDArea.h */,
				1B060DCD1BE76DAF00D098B2 /* DDArea.m */,
				1B9F758A1BEB29FD00640547 /* DDMddListModel.h */,
				1B9F758B1BEB29FD00640547 /* DDMddListModel.m */,
				1B84A0731BEC448A009F04EF /* DDNoteModel.h */,
				1B84A0741BEC448A009F04EF /* DDNoteModel.m */,
				1B06BE091BB63C19009B587B /* DDSpotModel.h */,
				1B06BE0A1BB63C19009B587B /* DDSpotModel.m */,
				1B1545611B5A3FCD007B41D5 /* DGroup.h */,
				1B1545621B5A3FCD007B41D5 /* DGroup.m */,
				1B15455F1B5A3FCD007B41D5 /* DPhoto.h */,
				1B1545601B5A3FCD007B41D5 /* DPhoto.m */,
			);
			path = Model;
			sourceTree = "<group>";
		};
		1B010FC91ADF9B4400F37746 /* plusin */ = {
			isa = PBXGroup;
			children = (
				1B3A659E1BE9B50800BB0429 /* UMAnalytics */,
				1B3A659D1BE9B4E700BB0429 /* util */,
				1BF278A41AE8EE4500022ACF /* Category */,
			);
			path = plusin;
			sourceTree = "<group>";
		};
		1B010FF71ADF9F1C00F37746 /* Frameworks */ = {
			isa = PBXGroup;
			children = (
				1B3A65B51BE9B6CE00BB0429 /* libz.tbd */,
				1B3A65B31BE9B68400BB0429 /* libc++.tbd */,
				1B3A65B11BE9B66800BB0429 /* QuartzCore.framework */,
				1B3A65AF1BE9B65F00BB0429 /* OpenGLES.framework */,
				1B3A65AD1BE9B63C00BB0429 /* SystemConfiguration.framework */,
				1B3A65AB1BE9B62600BB0429 /* CoreLocation.framework */,
				1B3A65A91BE9B61D00BB0429 /* Security.framework */,
				1B3A65A71BE9B61400BB0429 /* AVFoundation.framework */,
				1B3A65A51BE9B60800BB0429 /* CoreTelephony.framework */,
				1B3A65A31BE9B5FD00BB0429 /* CFNetwork.framework */,
				1BF597F51B1709A50037A507 /* libsqlite3.dylib */,
				1B0110091ADFB3C000F37746 /* libc++abi.dylib */,
				1B0110041ADFA92C00F37746 /* AssetsLibrary.framework */,
				1B0110021ADFA86C00F37746 /* MobileCoreServices.framework */,
				1B0110001ADF9F6900F37746 /* CoreData.framework */,
				1B010FFE1ADF9F4600F37746 /* CoreGraphics.framework */,
				1B010FFC1ADF9F3F00F37746 /* ImageIO.framework */,
				1B010FFA1ADF9F3600F37746 /* MapKit.framework */,
				1B010FF81ADF9F3200F37746 /* UIKit.framework */,
				7C74C1D0035DADF754EEDD1A /* libPods-diandi.a */,
			);
			name = Frameworks;
			sourceTree = "<group>";
		};
		1B3A659D1BE9B4E700BB0429 /* util */ = {
			isa = PBXGroup;
			children = (
				1BC461EA1BCA3A75003550FC /* ASCache.h */,
				1BC461EB1BCA3A75003550FC /* ASCache.m */,
				1BC461E11BCA3923003550FC /* Cipher.h */,
				1BC461E21BCA3923003550FC /* Cipher.m */,
				1BE309761B4FC4120008EF74 /* DBSCAN.h */,
				1BE309771B4FC4120008EF74 /* DBSCAN.m */,
				1BC461DE1BCA38FE003550FC /* HttpUtil.h */,
				1BC461DF1BCA38FE003550FC /* HttpUtil.m */,
				1BC461ED1BCA3B0D003550FC /* SSKeychain.h */,
				1BC461EE1BCA3B0D003550FC /* SSKeychain.m */,
				1BC461F01BCA3B26003550FC /* SSKeychainQuery.h */,
				1BC461F11BCA3B26003550FC /* SSKeychainQuery.m */,
				1B9F758D1BEB2C1300640547 /* DDCacheHelper.h */,
				1B9F758E1BEB2C1300640547 /* DDCacheHelper.m */,
			);
			name = util;
			sourceTree = "<group>";
		};
		1B3A659E1BE9B50800BB0429 /* UMAnalytics */ = {
			isa = PBXGroup;
			children = (
				1B3A659F1BE9B50800BB0429 /* libMobClickLibrary.a */,
				1B3A65A01BE9B50800BB0429 /* MobClick.h */,
				1B3A65A11BE9B50800BB0429 /* MobClickSocialAnalytics.h */,
			);
			path = UMAnalytics;
			sourceTree = "<group>";
		};
		1B58DAF21BB2477B00F8FDE7 /* generalView */ = {
			isa = PBXGroup;
			children = (
				1B58DAF31BB2478B00F8FDE7 /* ASPageView.h */,
				1B58DAF41BB2478B00F8FDE7 /* ASPageView.m */,
				1B58DAF51BB2478B00F8FDE7 /* ASPickerView.h */,
				1B58DAF61BB2478B00F8FDE7 /* ASPickerView.m */,
				1B58DAF71BB2478B00F8FDE7 /* ASWaitingView.h */,
				1B58DAF81BB2478B00F8FDE7 /* ASWaitingView.m */,
				1B58DAF91BB2478B00F8FDE7 /* MJRefresh */,
			);
			path = generalView;
			sourceTree = "<group>";
		};
		1B58DAF91BB2478B00F8FDE7 /* MJRefresh */ = {
			isa = PBXGroup;
			children = (
				1B58DAFA1BB2478B00F8FDE7 /* MJRefresh.h */,
				1B58DAFB1BB2478B00F8FDE7 /* MJRefreshBaseView.h */,
				1B58DAFC1BB2478B00F8FDE7 /* MJRefreshBaseView.m */,
				1B58DAFD1BB2478B00F8FDE7 /* MJRefreshConst.h */,
				1B58DAFE1BB2478B00F8FDE7 /* MJRefreshConst.m */,
				1B58DAFF1BB2478B00F8FDE7 /* MJRefreshFooterView.h */,
				1B58DB001BB2478B00F8FDE7 /* MJRefreshFooterView.m */,
				1B58DB011BB2478B00F8FDE7 /* MJRefreshHeaderView.h */,
				1B58DB021BB2478B00F8FDE7 /* MJRefreshHeaderView.m */,
				1B58DB031BB2478B00F8FDE7 /* UIScrollView+MJExtension.h */,
				1B58DB041BB2478B00F8FDE7 /* UIScrollView+MJExtension.m */,
				1B58DB051BB2478B00F8FDE7 /* UIScrollView+MJRefresh.h */,
				1B58DB061BB2478B00F8FDE7 /* UIScrollView+MJRefresh.m */,
				1B58DB071BB2478B00F8FDE7 /* UIView+MJExtension.h */,
				1B58DB081BB2478B00F8FDE7 /* UIView+MJExtension.m */,
			);
			path = MJRefresh;
			sourceTree = "<group>";
		};
		1B84A06F1BEC3AB4009F04EF /* Cell */ = {
			isa = PBXGroup;
			children = (
				1BADA3C21B8B1F5D0071240C /* DDLinkageCell.h */,
				1BADA3C31B8B1F5D0071240C /* DDLinkageCell.m */,
				1B06BE061BB63674009B587B /* DDNoteTableViewCell.h */,
				1B06BE071BB63674009B587B /* DDNoteTableViewCell.m */,
				1B84A0701BEC3B28009F04EF /* DDSpotTableViewCell.h */,
				1B84A0711BEC3B28009F04EF /* DDSpotTableViewCell.m */,
				1BADA3B61B8B0EB30071240C /* DDTagCollectionViewCell.h */,
				1BADA3B71B8B0EB30071240C /* DDTagCollectionViewCell.m */,
			);
			name = Cell;
			sourceTree = "<group>";
		};
		1BF278A41AE8EE4500022ACF /* Category */ = {
			isa = PBXGroup;
			children = (
				1B3999371B1D9D9700FEA549 /* CLLocation+Addtion.h */,
				1B3999381B1D9D9700FEA549 /* CLLocation+Addtion.m */,
				1B39992C1B1C687500FEA549 /* NSDate+Addition.h */,
				1B39992D1B1C687500FEA549 /* NSDate+Addition.m */,
				1BC461E71BCA3A49003550FC /* NSString+Addition.h */,
				1BC461E81BCA3A49003550FC /* NSString+Addition.m */,
				1BC461E41BCA3942003550FC /* UIDevice+Addition.h */,
				1BC461E51BCA3942003550FC /* UIDevice+Addition.m */,
				1BADA3B31B8B0DE20071240C /* UIFont+Addtion.h */,
				1BADA3B41B8B0DE20071240C /* UIFont+Addtion.m */,
				1BF278A51AE8EE5600022ACF /* UIImage+Scale.h */,
				1BF278A61AE8EE5600022ACF /* UIImage+Scale.m */,
				1BADA3CB1B8C0F7C0071240C /* UITabBarItem+Universal.h */,
				1BADA3CC1B8C0F7C0071240C /* UITabBarItem+Universal.m */,
				1BDC3E311B2972D500EE98EB /* UIView+Layout.h */,
				1BDC3E321B2972D500EE98EB /* UIView+Layout.m */,
			);
			path = Category;
			sourceTree = "<group>";
		};
		1BF597FA1B181C230037A507 /* View */ = {
			isa = PBXGroup;
			children = (
				1B84A06F1BEC3AB4009F04EF /* Cell */,
				1BADA3B01B8B09820071240C /* DDGradeView.h */,
				1BADA3B11B8B09820071240C /* DDGradeView.m */,
				1BADA3BF1B8B1E980071240C /* DDLinkageView.h */,
				1BADA3C01B8B1E980071240C /* DDLinkageView.m */,
				1B3714DA1B8C46F200A49CC3 /* DDMenuButton.h */,
				1B3714DB1B8C46F200A49CC3 /* DDMenuButton.m */,
				1BADA3C51B8B211B0071240C /* DDPopAreaView.h */,
				1BADA3C61B8B211B0071240C /* DDPopAreaView.m */,
				1B1C2D811BC3A662001496BC /* DDPopContainerView.h */,
				1B1C2D821BC3A662001496BC /* DDPopContainerView.m */,
				1B2CB7891BD237CB005074EB /* DDSearchEmptyView.h */,
				1B2CB78A1BD237CB005074EB /* DDSearchEmptyView.m */,
				1BB2EBC71BD241CB005A453F /* DDSearchHeaderCollectionReusableView.h */,
				1BB2EBC81BD241CB005A453F /* DDSearchHeaderCollectionReusableView.m */,
				1B1C2D841BC3BE4A001496BC /* DDTopMenuView.h */,
				1B1C2D851BC3BE4A001496BC /* DDTopMenuView.m */,
			);
			name = View;
			sourceTree = "<group>";
		};
		970778CA47626A323ECD1FB0 /* Pods */ = {
			isa = PBXGroup;
			children = (
				F3B51D707D8013AB76238B33 /* Pods-diandi.debug.xcconfig */,
				E84A626A42C6A40DB687C670 /* Pods-diandi.release.xcconfig */,
			);
			name = Pods;
			sourceTree = "<group>";
		};
/* End PBXGroup section */

/* Begin PBXNativeTarget section */
		1B010F9A1ADF9B2600F37746 /* diandi */ = {
			isa = PBXNativeTarget;
			buildConfigurationList = 1B010FC11ADF9B2600F37746 /* Build configuration list for PBXNativeTarget "diandi" */;
			buildPhases = (
				266DC09AB1A6BA42E05F7955 /* Check Pods Manifest.lock */,
				1B010F971ADF9B2600F37746 /* Sources */,
				1B010F981ADF9B2600F37746 /* Frameworks */,
				1B010F991ADF9B2600F37746 /* Resources */,
				96C00C0CC2D01E5D86A2D0CC /* Copy Pods Resources */,
			);
			buildRules = (
			);
			dependencies = (
			);
			name = diandi;
			productName = diandi;
			productReference = 1B010F9B1ADF9B2600F37746 /* diandi.app */;
			productType = "com.apple.product-type.application";
		};
/* End PBXNativeTarget section */

/* Begin PBXProject section */
		1B010F931ADF9B2600F37746 /* Project object */ = {
			isa = PBXProject;
			attributes = {
				LastUpgradeCheck = 0700;
				ORGANIZATIONNAME = kjubo;
				TargetAttributes = {
					1B010F9A1ADF9B2600F37746 = {
						CreatedOnToolsVersion = 6.3;
						DevelopmentTeam = A72G28U543;
					};
				};
			};
			buildConfigurationList = 1B010F961ADF9B2600F37746 /* Build configuration list for PBXProject "diandi" */;
			compatibilityVersion = "Xcode 3.2";
			developmentRegion = English;
			hasScannedForEncodings = 0;
			knownRegions = (
				en,
				Base,
			);
			mainGroup = 1B010F921ADF9B2600F37746;
			productRefGroup = 1B010F9C1ADF9B2600F37746 /* Products */;
			projectDirPath = "";
			projectRoot = "";
			targets = (
				1B010F9A1ADF9B2600F37746 /* diandi */,
			);
		};
/* End PBXProject section */

/* Begin PBXResourcesBuildPhase section */
		1B010F991ADF9B2600F37746 /* Resources */ = {
			isa = PBXResourcesBuildPhase;
			buildActionMask = 2147483647;
			files = (
				1B010FB21ADF9B2600F37746 /* LaunchScreen.xib in Resources */,
				1B010FAF1ADF9B2600F37746 /* Images.xcassets in Resources */,
			);
			runOnlyForDeploymentPostprocessing = 0;
		};
/* End PBXResourcesBuildPhase section */

/* Begin PBXShellScriptBuildPhase section */
		266DC09AB1A6BA42E05F7955 /* Check Pods Manifest.lock */ = {
			isa = PBXShellScriptBuildPhase;
			buildActionMask = 2147483647;
			files = (
			);
			inputPaths = (
			);
			name = "Check Pods Manifest.lock";
			outputPaths = (
			);
			runOnlyForDeploymentPostprocessing = 0;
			shellPath = /bin/sh;
			shellScript = "diff \"${PODS_ROOT}/../Podfile.lock\" \"${PODS_ROOT}/Manifest.lock\" > /dev/null\nif [[ $? != 0 ]] ; then\n    cat << EOM\nerror: The sandbox is not in sync with the Podfile.lock. Run 'pod install' or update your CocoaPods installation.\nEOM\n    exit 1\nfi\n";
			showEnvVarsInLog = 0;
		};
		96C00C0CC2D01E5D86A2D0CC /* Copy Pods Resources */ = {
			isa = PBXShellScriptBuildPhase;
			buildActionMask = 2147483647;
			files = (
			);
			inputPaths = (
			);
			name = "Copy Pods Resources";
			outputPaths = (
			);
			runOnlyForDeploymentPostprocessing = 0;
			shellPath = /bin/sh;
			shellScript = "\"${SRCROOT}/Pods/Target Support Files/Pods-diandi/Pods-diandi-resources.sh\"\n";
			showEnvVarsInLog = 0;
		};
/* End PBXShellScriptBuildPhase section */

/* Begin PBXSourcesBuildPhase section */
		1B010F971ADF9B2600F37746 /* Sources */ = {
			isa = PBXSourcesBuildPhase;
			buildActionMask = 2147483647;
			files = (
				1B84A0751BEC448A009F04EF /* DDNoteModel.m in Sources */,
				1B58DB101BB2478B00F8FDE7 /* UIScrollView+MJExtension.m in Sources */,
				1B58DB091BB2478B00F8FDE7 /* ASPageView.m in Sources */,
				1BADA3B81B8B0EB30071240C /* DDTagCollectionViewCell.m in Sources */,
				1B58DB0B1BB2478B00F8FDE7 /* ASWaitingView.m in Sources */,
				1BE309781B4FC4120008EF74 /* DBSCAN.m in Sources */,
				1BC461E01BCA38FE003550FC /* HttpUtil.m in Sources */,
				1BDC3E331B2972D500EE98EB /* UIView+Layout.m in Sources */,
				1BC461E31BCA3923003550FC /* Cipher.m in Sources */,
				1B58DB0E1BB2478B00F8FDE7 /* MJRefreshFooterView.m in Sources */,
				1B58DB0D1BB2478B00F8FDE7 /* MJRefreshConst.m in Sources */,
				1BADA3CA1B8C0F000071240C /* DDTabBarViewController.m in Sources */,
				1B58DB0C1BB2478B00F8FDE7 /* MJRefreshBaseView.m in Sources */,
				1B06BE081BB63674009B587B /* DDNoteTableViewCell.m in Sources */,
				1BC461E61BCA3942003550FC /* UIDevice+Addition.m in Sources */,
				1B1C2D861BC3BE4A001496BC /* DDTopMenuView.m in Sources */,
				1B06BE0B1BB63C19009B587B /* DDSpotModel.m in Sources */,
				1B58DB121BB2478B00F8FDE7 /* UIView+MJExtension.m in Sources */,
				1B84A0721BEC3B28009F04EF /* DDSpotTableViewCell.m in Sources */,
				1B9F758C1BEB29FD00640547 /* DDMddListModel.m in Sources */,
				1BADA3B21B8B09820071240C /* DDGradeView.m in Sources */,
				1B1545631B5A3FCD007B41D5 /* DPhoto.m in Sources */,
				1BC461F21BCA3B26003550FC /* SSKeychainQuery.m in Sources */,
				1B58DB0F1BB2478B00F8FDE7 /* MJRefreshHeaderView.m in Sources */,
				1B58DB111BB2478B00F8FDE7 /* UIScrollView+MJRefresh.m in Sources */,
				1B010FA41ADF9B2600F37746 /* AppDelegate.m in Sources */,
				1BADA3BE1B8B13460071240C /* DDNoteViewController.m in Sources */,
				1B3999391B1D9D9700FEA549 /* CLLocation+Addtion.m in Sources */,
				1B3714DC1B8C46F200A49CC3 /* DDMenuButton.m in Sources */,
				1BADA3C41B8B1F5D0071240C /* DDLinkageCell.m in Sources */,
				1B1545641B5A3FCD007B41D5 /* DGroup.m in Sources */,
				1B010FCC1ADF9BC000F37746 /* RootViewController.m in Sources */,
				1BADA3C11B8B1E980071240C /* DDLinkageView.m in Sources */,
				1BADA3B51B8B0DE20071240C /* UIFont+Addtion.m in Sources */,
				1BC461EC1BCA3A75003550FC /* ASCache.m in Sources */,
				1BB2EBC91BD241CB005A453F /* DDSearchHeaderCollectionReusableView.m in Sources */,
				1BADA3C71B8B211B0071240C /* DDPopAreaView.m in Sources */,
				1B1A37CC1B0AD0AC0075B9DE /* DAnnotation.m in Sources */,
				1B060DCE1BE76DAF00D098B2 /* DDArea.m in Sources */,
				1B84A0781BEC7660009F04EF /* DDSpotDetailViewController.m in Sources */,
				1B1C2D831BC3A662001496BC /* DDPopContainerView.m in Sources */,
				1B58DB0A1BB2478B00F8FDE7 /* ASPickerView.m in Sources */,
				1B9F758F1BEB2C1300640547 /* DDCacheHelper.m in Sources */,
				1B2CB78B1BD237CB005074EB /* DDSearchEmptyView.m in Sources */,
				1BC461EF1BCA3B0D003550FC /* SSKeychain.m in Sources */,
				1B39992E1B1C687500FEA549 /* NSDate+Addition.m in Sources */,
				1BF278A71AE8EE5600022ACF /* UIImage+Scale.m in Sources */,
				1B010FA11ADF9B2600F37746 /* main.m in Sources */,
				1BADA3CD1B8C0F7C0071240C /* UITabBarItem+Universal.m in Sources */,
				1BC461E91BCA3A49003550FC /* NSString+Addition.m in Sources */,
			);
			runOnlyForDeploymentPostprocessing = 0;
		};
/* End PBXSourcesBuildPhase section */

/* Begin PBXVariantGroup section */
		1B010FB01ADF9B2600F37746 /* LaunchScreen.xib */ = {
			isa = PBXVariantGroup;
			children = (
				1B010FB11ADF9B2600F37746 /* Base */,
			);
			name = LaunchScreen.xib;
			sourceTree = "<group>";
		};
/* End PBXVariantGroup section */

/* Begin XCBuildConfiguration section */
		1B010FBF1ADF9B2600F37746 /* Debug */ = {
			isa = XCBuildConfiguration;
			buildSettings = {
				ALWAYS_SEARCH_USER_PATHS = NO;
				CLANG_CXX_LANGUAGE_STANDARD = "gnu++0x";
				CLANG_CXX_LIBRARY = "libc++";
				CLANG_ENABLE_MODULES = YES;
				CLANG_ENABLE_OBJC_ARC = YES;
				CLANG_WARN_BOOL_CONVERSION = YES;
				CLANG_WARN_CONSTANT_CONVERSION = YES;
				CLANG_WARN_DIRECT_OBJC_ISA_USAGE = YES_ERROR;
				CLANG_WARN_EMPTY_BODY = YES;
				CLANG_WARN_ENUM_CONVERSION = YES;
				CLANG_WARN_INT_CONVERSION = YES;
				CLANG_WARN_OBJC_ROOT_CLASS = YES_ERROR;
				CLANG_WARN_UNREACHABLE_CODE = YES;
				CLANG_WARN__DUPLICATE_METHOD_MATCH = YES;
				"CODE_SIGN_IDENTITY[sdk=iphoneos*]" = "iPhone Developer";
				COPY_PHASE_STRIP = NO;
				DEBUG_INFORMATION_FORMAT = "dwarf-with-dsym";
				ENABLE_STRICT_OBJC_MSGSEND = YES;
				ENABLE_TESTABILITY = YES;
				GCC_C_LANGUAGE_STANDARD = gnu99;
				GCC_DYNAMIC_NO_PIC = NO;
				GCC_NO_COMMON_BLOCKS = YES;
				GCC_OPTIMIZATION_LEVEL = 0;
				GCC_PREPROCESSOR_DEFINITIONS = (
					"DEBUG=1",
					"$(inherited)",
				);
				GCC_SYMBOLS_PRIVATE_EXTERN = NO;
				GCC_WARN_64_TO_32_BIT_CONVERSION = YES;
				GCC_WARN_ABOUT_RETURN_TYPE = YES_ERROR;
				GCC_WARN_UNDECLARED_SELECTOR = YES;
				GCC_WARN_UNINITIALIZED_AUTOS = YES_AGGRESSIVE;
				GCC_WARN_UNUSED_FUNCTION = YES;
				GCC_WARN_UNUSED_VARIABLE = YES;
				IPHONEOS_DEPLOYMENT_TARGET = 8.3;
				MTL_ENABLE_DEBUG_INFO = YES;
				ONLY_ACTIVE_ARCH = YES;
				SDKROOT = iphoneos;
			};
			name = Debug;
		};
		1B010FC01ADF9B2600F37746 /* Release */ = {
			isa = XCBuildConfiguration;
			buildSettings = {
				ALWAYS_SEARCH_USER_PATHS = NO;
				CLANG_CXX_LANGUAGE_STANDARD = "gnu++0x";
				CLANG_CXX_LIBRARY = "libc++";
				CLANG_ENABLE_MODULES = YES;
				CLANG_ENABLE_OBJC_ARC = YES;
				CLANG_WARN_BOOL_CONVERSION = YES;
				CLANG_WARN_CONSTANT_CONVERSION = YES;
				CLANG_WARN_DIRECT_OBJC_ISA_USAGE = YES_ERROR;
				CLANG_WARN_EMPTY_BODY = YES;
				CLANG_WARN_ENUM_CONVERSION = YES;
				CLANG_WARN_INT_CONVERSION = YES;
				CLANG_WARN_OBJC_ROOT_CLASS = YES_ERROR;
				CLANG_WARN_UNREACHABLE_CODE = YES;
				CLANG_WARN__DUPLICATE_METHOD_MATCH = YES;
				"CODE_SIGN_IDENTITY[sdk=iphoneos*]" = "iPhone Developer";
				COPY_PHASE_STRIP = NO;
				DEBUG_INFORMATION_FORMAT = "dwarf-with-dsym";
				ENABLE_NS_ASSERTIONS = NO;
				ENABLE_STRICT_OBJC_MSGSEND = YES;
				GCC_C_LANGUAGE_STANDARD = gnu99;
				GCC_NO_COMMON_BLOCKS = YES;
				GCC_WARN_64_TO_32_BIT_CONVERSION = YES;
				GCC_WARN_ABOUT_RETURN_TYPE = YES_ERROR;
				GCC_WARN_UNDECLARED_SELECTOR = YES;
				GCC_WARN_UNINITIALIZED_AUTOS = YES_AGGRESSIVE;
				GCC_WARN_UNUSED_FUNCTION = YES;
				GCC_WARN_UNUSED_VARIABLE = YES;
				IPHONEOS_DEPLOYMENT_TARGET = 8.3;
				MTL_ENABLE_DEBUG_INFO = NO;
				SDKROOT = iphoneos;
				VALIDATE_PRODUCT = YES;
			};
			name = Release;
		};
		1B010FC21ADF9B2600F37746 /* Debug */ = {
			isa = XCBuildConfiguration;
			baseConfigurationReference = F3B51D707D8013AB76238B33 /* Pods-diandi.debug.xcconfig */;
			buildSettings = {
				ASSETCATALOG_COMPILER_APPICON_NAME = AppIcon;
				CODE_SIGN_IDENTITY = "iPhone Developer";
				"CODE_SIGN_IDENTITY[sdk=iphoneos*]" = "iPhone Developer";
				DEBUG_INFORMATION_FORMAT = dwarf;
				GCC_PRECOMPILE_PREFIX_HEADER = YES;
				GCC_PREFIX_HEADER = "diandi/diandi-Prefix.pch";
				INFOPLIST_FILE = diandi/Info.plist;
				IPHONEOS_DEPLOYMENT_TARGET = 7.0;
				LD_RUNPATH_SEARCH_PATHS = "$(inherited) @executable_path/Frameworks";
				LIBRARY_SEARCH_PATHS = (
					"$(inherited)",
					"$(PROJECT_DIR)/diandi/plusin/UMAnalytics",
				);
				PRODUCT_BUNDLE_IDENTIFIER = "com.kjubo.$(PRODUCT_NAME:rfc1034identifier)";
				PRODUCT_NAME = "$(TARGET_NAME)";
				PROVISIONING_PROFILE = "";
			};
			name = Debug;
		};
		1B010FC31ADF9B2600F37746 /* Release */ = {
			isa = XCBuildConfiguration;
			baseConfigurationReference = E84A626A42C6A40DB687C670 /* Pods-diandi.release.xcconfig */;
			buildSettings = {
				ASSETCATALOG_COMPILER_APPICON_NAME = AppIcon;
				CODE_SIGN_IDENTITY = "iPhone Developer";
				"CODE_SIGN_IDENTITY[sdk=iphoneos*]" = "iPhone Developer";
				DEBUG_INFORMATION_FORMAT = dwarf;
				GCC_PRECOMPILE_PREFIX_HEADER = YES;
				GCC_PREFIX_HEADER = "diandi/diandi-Prefix.pch";
				INFOPLIST_FILE = diandi/Info.plist;
				IPHONEOS_DEPLOYMENT_TARGET = 7.0;
				LD_RUNPATH_SEARCH_PATHS = "$(inherited) @executable_path/Frameworks";
				LIBRARY_SEARCH_PATHS = (
					"$(inherited)",
					"$(PROJECT_DIR)/diandi/plusin/UMAnalytics",
				);
				PRODUCT_BUNDLE_IDENTIFIER = "com.kjubo.$(PRODUCT_NAME:rfc1034identifier)";
				PRODUCT_NAME = "$(TARGET_NAME)";
				PROVISIONING_PROFILE = "";
			};
			name = Release;
		};
/* End XCBuildConfiguration section */

/* Begin XCConfigurationList section */
		1B010F961ADF9B2600F37746 /* Build configuration list for PBXProject "diandi" */ = {
			isa = XCConfigurationList;
			buildConfigurations = (
				1B010FBF1ADF9B2600F37746 /* Debug */,
				1B010FC01ADF9B2600F37746 /* Release */,
			);
			defaultConfigurationIsVisible = 0;
			defaultConfigurationName = Release;
		};
		1B010FC11ADF9B2600F37746 /* Build configuration list for PBXNativeTarget "diandi" */ = {
			isa = XCConfigurationList;
			buildConfigurations = (
				1B010FC21ADF9B2600F37746 /* Debug */,
				1B010FC31ADF9B2600F37746 /* Release */,
			);
			defaultConfigurationIsVisible = 0;
			defaultConfigurationName = Release;
		};
/* End XCConfigurationList section */
	};
	rootObject = 1B010F931ADF9B2600F37746 /* Project object */;
}
