// !$*UTF8*$!
{
	archiveVersion = 1;
	classes = {
	};
	objectVersion = 46;
	objects = {

/* Begin PBXBuildFile section */
		1B010FA11ADF9B2600F37746 /* main.m in Sources */ = {isa = PBXBuildFile; fileRef = 1B010FA01ADF9B2600F37746 /* main.m */; };
		1B010FA41ADF9B2600F37746 /* AppDelegate.m in Sources */ = {isa = PBXBuildFile; fileRef = 1B010FA31ADF9B2600F37746 /* AppDelegate.m */; };
		1B010FAF1ADF9B2600F37746 /* Images.xcassets in Resources */ = {isa = PBXBuildFile; fileRef = 1B010FAE1ADF9B2600F37746 /* Images.xcassets */; };
		1B010FB21ADF9B2600F37746 /* LaunchScreen.xib in Resources */ = {isa = PBXBuildFile; fileRef = 1B010FB01ADF9B2600F37746 /* LaunchScreen.xib */; };
		1B010FCC1ADF9BC000F37746 /* RootViewController.m in Sources */ = {isa = PBXBuildFile; fileRef = 1B010FCB1ADF9BC000F37746 /* RootViewController.m */; };
		1B010FCF1ADF9C5100F37746 /* TourMainViewController.m in Sources */ = {isa = PBXBuildFile; fileRef = 1B010FCE1ADF9C5100F37746 /* TourMainViewController.m */; };
		1B010FF91ADF9F3200F37746 /* UIKit.framework in Frameworks */ = {isa = PBXBuildFile; fileRef = 1B010FF81ADF9F3200F37746 /* UIKit.framework */; };
		1B010FFB1ADF9F3600F37746 /* MapKit.framework in Frameworks */ = {isa = PBXBuildFile; fileRef = 1B010FFA1ADF9F3600F37746 /* MapKit.framework */; };
		1B010FFD1ADF9F3F00F37746 /* ImageIO.framework in Frameworks */ = {isa = PBXBuildFile; fileRef = 1B010FFC1ADF9F3F00F37746 /* ImageIO.framework */; };
		1B010FFF1ADF9F4600F37746 /* CoreGraphics.framework in Frameworks */ = {isa = PBXBuildFile; fileRef = 1B010FFE1ADF9F4600F37746 /* CoreGraphics.framework */; };
		1B0110011ADF9F6900F37746 /* CoreData.framework in Frameworks */ = {isa = PBXBuildFile; fileRef = 1B0110001ADF9F6900F37746 /* CoreData.framework */; };
		1B0110031ADFA86C00F37746 /* MobileCoreServices.framework in Frameworks */ = {isa = PBXBuildFile; fileRef = 1B0110021ADFA86C00F37746 /* MobileCoreServices.framework */; };
		1B0110051ADFA92C00F37746 /* AssetsLibrary.framework in Frameworks */ = {isa = PBXBuildFile; fileRef = 1B0110041ADFA92C00F37746 /* AssetsLibrary.framework */; };
		1B01100A1ADFB3C000F37746 /* libc++abi.dylib in Frameworks */ = {isa = PBXBuildFile; fileRef = 1B0110091ADFB3C000F37746 /* libc++abi.dylib */; };
		1B06BE081BB63674009B587B /* DDNoteTableViewCell.m in Sources */ = {isa = PBXBuildFile; fileRef = 1B06BE071BB63674009B587B /* DDNoteTableViewCell.m */; settings = {ASSET_TAGS = (); }; };
		1B06BE0B1BB63C19009B587B /* DDSpotModel.m in Sources */ = {isa = PBXBuildFile; fileRef = 1B06BE0A1BB63C19009B587B /* DDSpotModel.m */; settings = {ASSET_TAGS = (); }; };
		1B1545631B5A3FCD007B41D5 /* DPhoto.m in Sources */ = {isa = PBXBuildFile; fileRef = 1B1545601B5A3FCD007B41D5 /* DPhoto.m */; };
		1B1545641B5A3FCD007B41D5 /* DGroup.m in Sources */ = {isa = PBXBuildFile; fileRef = 1B1545621B5A3FCD007B41D5 /* DGroup.m */; };
		1B1A37A81B0AC5130075B9DE /* PopMapViewController.m in Sources */ = {isa = PBXBuildFile; fileRef = 1B1A37A71B0AC5130075B9DE /* PopMapViewController.m */; };
		1B1A37CC1B0AD0AC0075B9DE /* DAnnotation.m in Sources */ = {isa = PBXBuildFile; fileRef = 1B1A37CB1B0AD0AC0075B9DE /* DAnnotation.m */; };
		1B1C2D831BC3A662001496BC /* DDPopContainerView.m in Sources */ = {isa = PBXBuildFile; fileRef = 1B1C2D821BC3A662001496BC /* DDPopContainerView.m */; settings = {ASSET_TAGS = (); }; };
		1B1C2D861BC3BE4A001496BC /* DDTopMenuView.m in Sources */ = {isa = PBXBuildFile; fileRef = 1B1C2D851BC3BE4A001496BC /* DDTopMenuView.m */; settings = {ASSET_TAGS = (); }; };
		1B3714DC1B8C46F200A49CC3 /* DDMenuButton.m in Sources */ = {isa = PBXBuildFile; fileRef = 1B3714DB1B8C46F200A49CC3 /* DDMenuButton.m */; };
		1B39992E1B1C687500FEA549 /* NSDate+Addition.m in Sources */ = {isa = PBXBuildFile; fileRef = 1B39992D1B1C687500FEA549 /* NSDate+Addition.m */; };
		1B3999301B1D537100FEA549 /* SignFolderView.xib in Resources */ = {isa = PBXBuildFile; fileRef = 1B39992F1B1D537100FEA549 /* SignFolderView.xib */; };
		1B3999331B1D555600FEA549 /* SignFolderView.m in Sources */ = {isa = PBXBuildFile; fileRef = 1B3999321B1D555600FEA549 /* SignFolderView.m */; };
		1B3999391B1D9D9700FEA549 /* CLLocation+Addtion.m in Sources */ = {isa = PBXBuildFile; fileRef = 1B3999381B1D9D9700FEA549 /* CLLocation+Addtion.m */; };
		1B58DB091BB2478B00F8FDE7 /* ASPageView.m in Sources */ = {isa = PBXBuildFile; fileRef = 1B58DAF41BB2478B00F8FDE7 /* ASPageView.m */; settings = {ASSET_TAGS = (); }; };
		1B58DB0A1BB2478B00F8FDE7 /* ASPickerView.m in Sources */ = {isa = PBXBuildFile; fileRef = 1B58DAF61BB2478B00F8FDE7 /* ASPickerView.m */; settings = {ASSET_TAGS = (); }; };
		1B58DB0B1BB2478B00F8FDE7 /* ASWaitingView.m in Sources */ = {isa = PBXBuildFile; fileRef = 1B58DAF81BB2478B00F8FDE7 /* ASWaitingView.m */; settings = {ASSET_TAGS = (); }; };
		1B58DB0C1BB2478B00F8FDE7 /* MJRefreshBaseView.m in Sources */ = {isa = PBXBuildFile; fileRef = 1B58DAFC1BB2478B00F8FDE7 /* MJRefreshBaseView.m */; settings = {ASSET_TAGS = (); }; };
		1B58DB0D1BB2478B00F8FDE7 /* MJRefreshConst.m in Sources */ = {isa = PBXBuildFile; fileRef = 1B58DAFE1BB2478B00F8FDE7 /* MJRefreshConst.m */; settings = {ASSET_TAGS = (); }; };
		1B58DB0E1BB2478B00F8FDE7 /* MJRefreshFooterView.m in Sources */ = {isa = PBXBuildFile; fileRef = 1B58DB001BB2478B00F8FDE7 /* MJRefreshFooterView.m */; settings = {ASSET_TAGS = (); }; };
		1B58DB0F1BB2478B00F8FDE7 /* MJRefreshHeaderView.m in Sources */ = {isa = PBXBuildFile; fileRef = 1B58DB021BB2478B00F8FDE7 /* MJRefreshHeaderView.m */; settings = {ASSET_TAGS = (); }; };
		1B58DB101BB2478B00F8FDE7 /* UIScrollView+MJExtension.m in Sources */ = {isa = PBXBuildFile; fileRef = 1B58DB041BB2478B00F8FDE7 /* UIScrollView+MJExtension.m */; settings = {ASSET_TAGS = (); }; };
		1B58DB111BB2478B00F8FDE7 /* UIScrollView+MJRefresh.m in Sources */ = {isa = PBXBuildFile; fileRef = 1B58DB061BB2478B00F8FDE7 /* UIScrollView+MJRefresh.m */; settings = {ASSET_TAGS = (); }; };
		1B58DB121BB2478B00F8FDE7 /* UIView+MJExtension.m in Sources */ = {isa = PBXBuildFile; fileRef = 1B58DB081BB2478B00F8FDE7 /* UIView+MJExtension.m */; settings = {ASSET_TAGS = (); }; };
		1B6520581B2BE1D100D55186 /* FolderLayout.m in Sources */ = {isa = PBXBuildFile; fileRef = 1B6520571B2BE1D100D55186 /* FolderLayout.m */; };
		1BADA3B21B8B09820071240C /* DDGradeView.m in Sources */ = {isa = PBXBuildFile; fileRef = 1BADA3B11B8B09820071240C /* DDGradeView.m */; };
		1BADA3B51B8B0DE20071240C /* UIFont+Addtion.m in Sources */ = {isa = PBXBuildFile; fileRef = 1BADA3B41B8B0DE20071240C /* UIFont+Addtion.m */; };
		1BADA3B81B8B0EB30071240C /* DDTagCollectionViewCell.m in Sources */ = {isa = PBXBuildFile; fileRef = 1BADA3B71B8B0EB30071240C /* DDTagCollectionViewCell.m */; };
		1BADA3BE1B8B13460071240C /* DDNoteViewController.m in Sources */ = {isa = PBXBuildFile; fileRef = 1BADA3BD1B8B13460071240C /* DDNoteViewController.m */; };
		1BADA3C11B8B1E980071240C /* DDLinkageView.m in Sources */ = {isa = PBXBuildFile; fileRef = 1BADA3C01B8B1E980071240C /* DDLinkageView.m */; };
		1BADA3C41B8B1F5D0071240C /* DDLinkageCell.m in Sources */ = {isa = PBXBuildFile; fileRef = 1BADA3C31B8B1F5D0071240C /* DDLinkageCell.m */; };
		1BADA3C71B8B211B0071240C /* DDPopAreaView.m in Sources */ = {isa = PBXBuildFile; fileRef = 1BADA3C61B8B211B0071240C /* DDPopAreaView.m */; };
		1BADA3CA1B8C0F000071240C /* DDTabBarViewController.m in Sources */ = {isa = PBXBuildFile; fileRef = 1BADA3C91B8C0F000071240C /* DDTabBarViewController.m */; };
		1BADA3CD1B8C0F7C0071240C /* UITabBarItem+Universal.m in Sources */ = {isa = PBXBuildFile; fileRef = 1BADA3CC1B8C0F7C0071240C /* UITabBarItem+Universal.m */; };
		1BD3418C1B1877EF00A784A9 /* diandi.xcdatamodeld in Sources */ = {isa = PBXBuildFile; fileRef = 1BD3418A1B1877EF00A784A9 /* diandi.xcdatamodeld */; };
		1BDC3E301B29707900EE98EB /* FolderCellView.m in Sources */ = {isa = PBXBuildFile; fileRef = 1BDC3E2F1B29707900EE98EB /* FolderCellView.m */; };
		1BDC3E331B2972D500EE98EB /* UIView+Layout.m in Sources */ = {isa = PBXBuildFile; fileRef = 1BDC3E321B2972D500EE98EB /* UIView+Layout.m */; };
		1BE309781B4FC4120008EF74 /* DBSCAN.m in Sources */ = {isa = PBXBuildFile; fileRef = 1BE309771B4FC4120008EF74 /* DBSCAN.m */; };
		1BF278A71AE8EE5600022ACF /* UIImage+Scale.m in Sources */ = {isa = PBXBuildFile; fileRef = 1BF278A61AE8EE5600022ACF /* UIImage+Scale.m */; };
		1BF597F91B1729540037A507 /* PopAnnotationView.m in Sources */ = {isa = PBXBuildFile; fileRef = 1BF597F81B1729540037A507 /* PopAnnotationView.m */; };
		206BFA9AF1DE3482DAFC2E95 /* libPods-diandi.a in Frameworks */ = {isa = PBXBuildFile; fileRef = C0D5CA9BE0B95C177B681D7B /* libPods-diandi.a */; };
/* End PBXBuildFile section */

/* Begin PBXFileReference section */
		1B010F9B1ADF9B2600F37746 /* diandi.app */ = {isa = PBXFileReference; explicitFileType = wrapper.application; includeInIndex = 0; path = diandi.app; sourceTree = BUILT_PRODUCTS_DIR; };
		1B010F9F1ADF9B2600F37746 /* Info.plist */ = {isa = PBXFileReference; lastKnownFileType = text.plist.xml; path = Info.plist; sourceTree = "<group>"; };
		1B010FA01ADF9B2600F37746 /* main.m */ = {isa = PBXFileReference; lastKnownFileType = sourcecode.c.objc; path = main.m; sourceTree = "<group>"; };
		1B010FA21ADF9B2600F37746 /* AppDelegate.h */ = {isa = PBXFileReference; lastKnownFileType = sourcecode.c.h; path = AppDelegate.h; sourceTree = "<group>"; };
		1B010FA31ADF9B2600F37746 /* AppDelegate.m */ = {isa = PBXFileReference; lastKnownFileType = sourcecode.c.objc; path = AppDelegate.m; sourceTree = "<group>"; };
		1B010FAE1ADF9B2600F37746 /* Images.xcassets */ = {isa = PBXFileReference; lastKnownFileType = folder.assetcatalog; path = Images.xcassets; sourceTree = "<group>"; };
		1B010FB11ADF9B2600F37746 /* Base */ = {isa = PBXFileReference; lastKnownFileType = file.xib; name = Base; path = Base.lproj/LaunchScreen.xib; sourceTree = "<group>"; };
		1B010FBC1ADF9B2600F37746 /* Info.plist */ = {isa = PBXFileReference; lastKnownFileType = text.plist.xml; path = Info.plist; sourceTree = "<group>"; };
		1B010FBD1ADF9B2600F37746 /* diandiTests.m */ = {isa = PBXFileReference; lastKnownFileType = sourcecode.c.objc; path = diandiTests.m; sourceTree = "<group>"; };
		1B010FCA1ADF9BC000F37746 /* RootViewController.h */ = {isa = PBXFileReference; fileEncoding = 4; lastKnownFileType = sourcecode.c.h; path = RootViewController.h; sourceTree = "<group>"; };
		1B010FCB1ADF9BC000F37746 /* RootViewController.m */ = {isa = PBXFileReference; fileEncoding = 4; lastKnownFileType = sourcecode.c.objc; path = RootViewController.m; sourceTree = "<group>"; };
		1B010FCD1ADF9C5100F37746 /* TourMainViewController.h */ = {isa = PBXFileReference; fileEncoding = 4; lastKnownFileType = sourcecode.c.h; path = TourMainViewController.h; sourceTree = "<group>"; };
		1B010FCE1ADF9C5100F37746 /* TourMainViewController.m */ = {isa = PBXFileReference; fileEncoding = 4; lastKnownFileType = sourcecode.c.objc; path = TourMainViewController.m; sourceTree = "<group>"; };
		1B010FD01ADF9CFB00F37746 /* Define.h */ = {isa = PBXFileReference; lastKnownFileType = sourcecode.c.h; path = Define.h; sourceTree = "<group>"; };
		1B010FF61ADF9EB000F37746 /* diandi-Prefix.pch */ = {isa = PBXFileReference; fileEncoding = 4; lastKnownFileType = sourcecode.c.h; path = "diandi-Prefix.pch"; sourceTree = "<group>"; };
		1B010FF81ADF9F3200F37746 /* UIKit.framework */ = {isa = PBXFileReference; lastKnownFileType = wrapper.framework; name = UIKit.framework; path = System/Library/Frameworks/UIKit.framework; sourceTree = SDKROOT; };
		1B010FFA1ADF9F3600F37746 /* MapKit.framework */ = {isa = PBXFileReference; lastKnownFileType = wrapper.framework; name = MapKit.framework; path = System/Library/Frameworks/MapKit.framework; sourceTree = SDKROOT; };
		1B010FFC1ADF9F3F00F37746 /* ImageIO.framework */ = {isa = PBXFileReference; lastKnownFileType = wrapper.framework; name = ImageIO.framework; path = System/Library/Frameworks/ImageIO.framework; sourceTree = SDKROOT; };
		1B010FFE1ADF9F4600F37746 /* CoreGraphics.framework */ = {isa = PBXFileReference; lastKnownFileType = wrapper.framework; name = CoreGraphics.framework; path = System/Library/Frameworks/CoreGraphics.framework; sourceTree = SDKROOT; };
		1B0110001ADF9F6900F37746 /* CoreData.framework */ = {isa = PBXFileReference; lastKnownFileType = wrapper.framework; name = CoreData.framework; path = System/Library/Frameworks/CoreData.framework; sourceTree = SDKROOT; };
		1B0110021ADFA86C00F37746 /* MobileCoreServices.framework */ = {isa = PBXFileReference; lastKnownFileType = wrapper.framework; name = MobileCoreServices.framework; path = System/Library/Frameworks/MobileCoreServices.framework; sourceTree = SDKROOT; };
		1B0110041ADFA92C00F37746 /* AssetsLibrary.framework */ = {isa = PBXFileReference; lastKnownFileType = wrapper.framework; name = AssetsLibrary.framework; path = System/Library/Frameworks/AssetsLibrary.framework; sourceTree = SDKROOT; };
		1B0110091ADFB3C000F37746 /* libc++abi.dylib */ = {isa = PBXFileReference; lastKnownFileType = "compiled.mach-o.dylib"; name = "libc++abi.dylib"; path = "usr/lib/libc++abi.dylib"; sourceTree = SDKROOT; };
		1B06BE061BB63674009B587B /* DDNoteTableViewCell.h */ = {isa = PBXFileReference; fileEncoding = 4; lastKnownFileType = sourcecode.c.h; path = DDNoteTableViewCell.h; sourceTree = "<group>"; };
		1B06BE071BB63674009B587B /* DDNoteTableViewCell.m */ = {isa = PBXFileReference; fileEncoding = 4; lastKnownFileType = sourcecode.c.objc; path = DDNoteTableViewCell.m; sourceTree = "<group>"; };
		1B06BE091BB63C19009B587B /* DDSpotModel.h */ = {isa = PBXFileReference; fileEncoding = 4; lastKnownFileType = sourcecode.c.h; name = DDSpotModel.h; path = diandi/Class/DDSpotModel.h; sourceTree = SOURCE_ROOT; };
		1B06BE0A1BB63C19009B587B /* DDSpotModel.m */ = {isa = PBXFileReference; fileEncoding = 4; lastKnownFileType = sourcecode.c.objc; name = DDSpotModel.m; path = diandi/Class/DDSpotModel.m; sourceTree = SOURCE_ROOT; };
		1B15455F1B5A3FCD007B41D5 /* DPhoto.h */ = {isa = PBXFileReference; fileEncoding = 4; lastKnownFileType = sourcecode.c.h; name = DPhoto.h; path = diandi/Class/DPhoto.h; sourceTree = SOURCE_ROOT; };
		1B1545601B5A3FCD007B41D5 /* DPhoto.m */ = {isa = PBXFileReference; fileEncoding = 4; lastKnownFileType = sourcecode.c.objc; name = DPhoto.m; path = diandi/Class/DPhoto.m; sourceTree = SOURCE_ROOT; };
		1B1545611B5A3FCD007B41D5 /* DGroup.h */ = {isa = PBXFileReference; fileEncoding = 4; lastKnownFileType = sourcecode.c.h; name = DGroup.h; path = diandi/Class/DGroup.h; sourceTree = SOURCE_ROOT; };
		1B1545621B5A3FCD007B41D5 /* DGroup.m */ = {isa = PBXFileReference; fileEncoding = 4; lastKnownFileType = sourcecode.c.objc; name = DGroup.m; path = diandi/Class/DGroup.m; sourceTree = SOURCE_ROOT; };
		1B1A37A61B0AC5130075B9DE /* PopMapViewController.h */ = {isa = PBXFileReference; fileEncoding = 4; lastKnownFileType = sourcecode.c.h; path = PopMapViewController.h; sourceTree = "<group>"; };
		1B1A37A71B0AC5130075B9DE /* PopMapViewController.m */ = {isa = PBXFileReference; fileEncoding = 4; lastKnownFileType = sourcecode.c.objc; path = PopMapViewController.m; sourceTree = "<group>"; };
		1B1A37CA1B0AD0AC0075B9DE /* DAnnotation.h */ = {isa = PBXFileReference; fileEncoding = 4; lastKnownFileType = sourcecode.c.h; name = DAnnotation.h; path = diandi/Class/DAnnotation.h; sourceTree = SOURCE_ROOT; };
		1B1A37CB1B0AD0AC0075B9DE /* DAnnotation.m */ = {isa = PBXFileReference; fileEncoding = 4; lastKnownFileType = sourcecode.c.objc; name = DAnnotation.m; path = diandi/Class/DAnnotation.m; sourceTree = SOURCE_ROOT; };
		1B1C2D811BC3A662001496BC /* DDPopContainerView.h */ = {isa = PBXFileReference; fileEncoding = 4; lastKnownFileType = sourcecode.c.h; path = DDPopContainerView.h; sourceTree = "<group>"; };
		1B1C2D821BC3A662001496BC /* DDPopContainerView.m */ = {isa = PBXFileReference; fileEncoding = 4; lastKnownFileType = sourcecode.c.objc; path = DDPopContainerView.m; sourceTree = "<group>"; };
		1B1C2D841BC3BE4A001496BC /* DDTopMenuView.h */ = {isa = PBXFileReference; fileEncoding = 4; lastKnownFileType = sourcecode.c.h; path = DDTopMenuView.h; sourceTree = "<group>"; };
		1B1C2D851BC3BE4A001496BC /* DDTopMenuView.m */ = {isa = PBXFileReference; fileEncoding = 4; lastKnownFileType = sourcecode.c.objc; path = DDTopMenuView.m; sourceTree = "<group>"; };
		1B3714DA1B8C46F200A49CC3 /* DDMenuButton.h */ = {isa = PBXFileReference; fileEncoding = 4; lastKnownFileType = sourcecode.c.h; path = DDMenuButton.h; sourceTree = "<group>"; };
		1B3714DB1B8C46F200A49CC3 /* DDMenuButton.m */ = {isa = PBXFileReference; fileEncoding = 4; lastKnownFileType = sourcecode.c.objc; path = DDMenuButton.m; sourceTree = "<group>"; };
		1B39992C1B1C687500FEA549 /* NSDate+Addition.h */ = {isa = PBXFileReference; fileEncoding = 4; lastKnownFileType = sourcecode.c.h; path = "NSDate+Addition.h"; sourceTree = "<group>"; };
		1B39992D1B1C687500FEA549 /* NSDate+Addition.m */ = {isa = PBXFileReference; fileEncoding = 4; lastKnownFileType = sourcecode.c.objc; path = "NSDate+Addition.m"; sourceTree = "<group>"; };
		1B39992F1B1D537100FEA549 /* SignFolderView.xib */ = {isa = PBXFileReference; fileEncoding = 4; lastKnownFileType = file.xib; path = SignFolderView.xib; sourceTree = "<group>"; };
		1B3999311B1D555600FEA549 /* SignFolderView.h */ = {isa = PBXFileReference; fileEncoding = 4; lastKnownFileType = sourcecode.c.h; path = SignFolderView.h; sourceTree = "<group>"; };
		1B3999321B1D555600FEA549 /* SignFolderView.m */ = {isa = PBXFileReference; fileEncoding = 4; lastKnownFileType = sourcecode.c.objc; path = SignFolderView.m; sourceTree = "<group>"; };
		1B3999371B1D9D9700FEA549 /* CLLocation+Addtion.h */ = {isa = PBXFileReference; fileEncoding = 4; lastKnownFileType = sourcecode.c.h; path = "CLLocation+Addtion.h"; sourceTree = "<group>"; };
		1B3999381B1D9D9700FEA549 /* CLLocation+Addtion.m */ = {isa = PBXFileReference; fileEncoding = 4; lastKnownFileType = sourcecode.c.objc; path = "CLLocation+Addtion.m"; sourceTree = "<group>"; };
		1B58DAF31BB2478B00F8FDE7 /* ASPageView.h */ = {isa = PBXFileReference; fileEncoding = 4; lastKnownFileType = sourcecode.c.h; path = ASPageView.h; sourceTree = "<group>"; };
		1B58DAF41BB2478B00F8FDE7 /* ASPageView.m */ = {isa = PBXFileReference; fileEncoding = 4; lastKnownFileType = sourcecode.c.objc; path = ASPageView.m; sourceTree = "<group>"; };
		1B58DAF51BB2478B00F8FDE7 /* ASPickerView.h */ = {isa = PBXFileReference; fileEncoding = 4; lastKnownFileType = sourcecode.c.h; path = ASPickerView.h; sourceTree = "<group>"; };
		1B58DAF61BB2478B00F8FDE7 /* ASPickerView.m */ = {isa = PBXFileReference; fileEncoding = 4; lastKnownFileType = sourcecode.c.objc; path = ASPickerView.m; sourceTree = "<group>"; };
		1B58DAF71BB2478B00F8FDE7 /* ASWaitingView.h */ = {isa = PBXFileReference; fileEncoding = 4; lastKnownFileType = sourcecode.c.h; path = ASWaitingView.h; sourceTree = "<group>"; };
		1B58DAF81BB2478B00F8FDE7 /* ASWaitingView.m */ = {isa = PBXFileReference; fileEncoding = 4; lastKnownFileType = sourcecode.c.objc; path = ASWaitingView.m; sourceTree = "<group>"; };
		1B58DAFA1BB2478B00F8FDE7 /* MJRefresh.h */ = {isa = PBXFileReference; fileEncoding = 4; lastKnownFileType = sourcecode.c.h; path = MJRefresh.h; sourceTree = "<group>"; };
		1B58DAFB1BB2478B00F8FDE7 /* MJRefreshBaseView.h */ = {isa = PBXFileReference; fileEncoding = 4; lastKnownFileType = sourcecode.c.h; path = MJRefreshBaseView.h; sourceTree = "<group>"; };
		1B58DAFC1BB2478B00F8FDE7 /* MJRefreshBaseView.m */ = {isa = PBXFileReference; fileEncoding = 4; lastKnownFileType = sourcecode.c.objc; path = MJRefreshBaseView.m; sourceTree = "<group>"; };
		1B58DAFD1BB2478B00F8FDE7 /* MJRefreshConst.h */ = {isa = PBXFileReference; fileEncoding = 4; lastKnownFileType = sourcecode.c.h; path = MJRefreshConst.h; sourceTree = "<group>"; };
		1B58DAFE1BB2478B00F8FDE7 /* MJRefreshConst.m */ = {isa = PBXFileReference; fileEncoding = 4; lastKnownFileType = sourcecode.c.objc; path = MJRefreshConst.m; sourceTree = "<group>"; };
		1B58DAFF1BB2478B00F8FDE7 /* MJRefreshFooterView.h */ = {isa = PBXFileReference; fileEncoding = 4; lastKnownFileType = sourcecode.c.h; path = MJRefreshFooterView.h; sourceTree = "<group>"; };
		1B58DB001BB2478B00F8FDE7 /* MJRefreshFooterView.m */ = {isa = PBXFileReference; fileEncoding = 4; lastKnownFileType = sourcecode.c.objc; path = MJRefreshFooterView.m; sourceTree = "<group>"; };
		1B58DB011BB2478B00F8FDE7 /* MJRefreshHeaderView.h */ = {isa = PBXFileReference; fileEncoding = 4; lastKnownFileType = sourcecode.c.h; path = MJRefreshHeaderView.h; sourceTree = "<group>"; };
		1B58DB021BB2478B00F8FDE7 /* MJRefreshHeaderView.m */ = {isa = PBXFileReference; fileEncoding = 4; lastKnownFileType = sourcecode.c.objc; path = MJRefreshHeaderView.m; sourceTree = "<group>"; };
		1B58DB031BB2478B00F8FDE7 /* UIScrollView+MJExtension.h */ = {isa = PBXFileReference; fileEncoding = 4; lastKnownFileType = sourcecode.c.h; path = "UIScrollView+MJExtension.h"; sourceTree = "<group>"; };
		1B58DB041BB2478B00F8FDE7 /* UIScrollView+MJExtension.m */ = {isa = PBXFileReference; fileEncoding = 4; lastKnownFileType = sourcecode.c.objc; path = "UIScrollView+MJExtension.m"; sourceTree = "<group>"; };
		1B58DB051BB2478B00F8FDE7 /* UIScrollView+MJRefresh.h */ = {isa = PBXFileReference; fileEncoding = 4; lastKnownFileType = sourcecode.c.h; path = "UIScrollView+MJRefresh.h"; sourceTree = "<group>"; };
		1B58DB061BB2478B00F8FDE7 /* UIScrollView+MJRefresh.m */ = {isa = PBXFileReference; fileEncoding = 4; lastKnownFileType = sourcecode.c.objc; path = "UIScrollView+MJRefresh.m"; sourceTree = "<group>"; };
		1B58DB071BB2478B00F8FDE7 /* UIView+MJExtension.h */ = {isa = PBXFileReference; fileEncoding = 4; lastKnownFileType = sourcecode.c.h; path = "UIView+MJExtension.h"; sourceTree = "<group>"; };
		1B58DB081BB2478B00F8FDE7 /* UIView+MJExtension.m */ = {isa = PBXFileReference; fileEncoding = 4; lastKnownFileType = sourcecode.c.objc; path = "UIView+MJExtension.m"; sourceTree = "<group>"; };
		1B6520561B2BE1D100D55186 /* FolderLayout.h */ = {isa = PBXFileReference; fileEncoding = 4; lastKnownFileType = sourcecode.c.h; path = FolderLayout.h; sourceTree = "<group>"; };
		1B6520571B2BE1D100D55186 /* FolderLayout.m */ = {isa = PBXFileReference; fileEncoding = 4; lastKnownFileType = sourcecode.c.objc; path = FolderLayout.m; sourceTree = "<group>"; };
		1BADA3B01B8B09820071240C /* DDGradeView.h */ = {isa = PBXFileReference; fileEncoding = 4; lastKnownFileType = sourcecode.c.h; path = DDGradeView.h; sourceTree = "<group>"; };
		1BADA3B11B8B09820071240C /* DDGradeView.m */ = {isa = PBXFileReference; fileEncoding = 4; lastKnownFileType = sourcecode.c.objc; path = DDGradeView.m; sourceTree = "<group>"; };
		1BADA3B31B8B0DE20071240C /* UIFont+Addtion.h */ = {isa = PBXFileReference; fileEncoding = 4; lastKnownFileType = sourcecode.c.h; path = "UIFont+Addtion.h"; sourceTree = "<group>"; };
		1BADA3B41B8B0DE20071240C /* UIFont+Addtion.m */ = {isa = PBXFileReference; fileEncoding = 4; lastKnownFileType = sourcecode.c.objc; path = "UIFont+Addtion.m"; sourceTree = "<group>"; };
		1BADA3B61B8B0EB30071240C /* DDTagCollectionViewCell.h */ = {isa = PBXFileReference; fileEncoding = 4; lastKnownFileType = sourcecode.c.h; path = DDTagCollectionViewCell.h; sourceTree = "<group>"; };
		1BADA3B71B8B0EB30071240C /* DDTagCollectionViewCell.m */ = {isa = PBXFileReference; fileEncoding = 4; lastKnownFileType = sourcecode.c.objc; path = DDTagCollectionViewCell.m; sourceTree = "<group>"; };
		1BADA3BC1B8B13460071240C /* DDNoteViewController.h */ = {isa = PBXFileReference; fileEncoding = 4; lastKnownFileType = sourcecode.c.h; path = DDNoteViewController.h; sourceTree = "<group>"; };
		1BADA3BD1B8B13460071240C /* DDNoteViewController.m */ = {isa = PBXFileReference; fileEncoding = 4; lastKnownFileType = sourcecode.c.objc; path = DDNoteViewController.m; sourceTree = "<group>"; };
		1BADA3BF1B8B1E980071240C /* DDLinkageView.h */ = {isa = PBXFileReference; fileEncoding = 4; lastKnownFileType = sourcecode.c.h; path = DDLinkageView.h; sourceTree = "<group>"; };
		1BADA3C01B8B1E980071240C /* DDLinkageView.m */ = {isa = PBXFileReference; fileEncoding = 4; lastKnownFileType = sourcecode.c.objc; path = DDLinkageView.m; sourceTree = "<group>"; };
		1BADA3C21B8B1F5D0071240C /* DDLinkageCell.h */ = {isa = PBXFileReference; fileEncoding = 4; lastKnownFileType = sourcecode.c.h; path = DDLinkageCell.h; sourceTree = "<group>"; };
		1BADA3C31B8B1F5D0071240C /* DDLinkageCell.m */ = {isa = PBXFileReference; fileEncoding = 4; lastKnownFileType = sourcecode.c.objc; path = DDLinkageCell.m; sourceTree = "<group>"; };
		1BADA3C51B8B211B0071240C /* DDPopAreaView.h */ = {isa = PBXFileReference; fileEncoding = 4; lastKnownFileType = sourcecode.c.h; path = DDPopAreaView.h; sourceTree = "<group>"; };
		1BADA3C61B8B211B0071240C /* DDPopAreaView.m */ = {isa = PBXFileReference; fileEncoding = 4; lastKnownFileType = sourcecode.c.objc; path = DDPopAreaView.m; sourceTree = "<group>"; };
		1BADA3C81B8C0F000071240C /* DDTabBarViewController.h */ = {isa = PBXFileReference; fileEncoding = 4; lastKnownFileType = sourcecode.c.h; path = DDTabBarViewController.h; sourceTree = "<group>"; };
		1BADA3C91B8C0F000071240C /* DDTabBarViewController.m */ = {isa = PBXFileReference; fileEncoding = 4; lastKnownFileType = sourcecode.c.objc; path = DDTabBarViewController.m; sourceTree = "<group>"; };
		1BADA3CB1B8C0F7C0071240C /* UITabBarItem+Universal.h */ = {isa = PBXFileReference; fileEncoding = 4; lastKnownFileType = sourcecode.c.h; path = "UITabBarItem+Universal.h"; sourceTree = "<group>"; };
		1BADA3CC1B8C0F7C0071240C /* UITabBarItem+Universal.m */ = {isa = PBXFileReference; fileEncoding = 4; lastKnownFileType = sourcecode.c.objc; path = "UITabBarItem+Universal.m"; sourceTree = "<group>"; };
		1BD3418B1B1877EF00A784A9 /* diandi.xcdatamodel */ = {isa = PBXFileReference; lastKnownFileType = wrapper.xcdatamodel; path = diandi.xcdatamodel; sourceTree = "<group>"; };
		1BDC3E2E1B29707900EE98EB /* FolderCellView.h */ = {isa = PBXFileReference; fileEncoding = 4; lastKnownFileType = sourcecode.c.h; path = FolderCellView.h; sourceTree = "<group>"; };
		1BDC3E2F1B29707900EE98EB /* FolderCellView.m */ = {isa = PBXFileReference; fileEncoding = 4; lastKnownFileType = sourcecode.c.objc; path = FolderCellView.m; sourceTree = "<group>"; };
		1BDC3E311B2972D500EE98EB /* UIView+Layout.h */ = {isa = PBXFileReference; fileEncoding = 4; lastKnownFileType = sourcecode.c.h; path = "UIView+Layout.h"; sourceTree = "<group>"; };
		1BDC3E321B2972D500EE98EB /* UIView+Layout.m */ = {isa = PBXFileReference; fileEncoding = 4; lastKnownFileType = sourcecode.c.objc; path = "UIView+Layout.m"; sourceTree = "<group>"; };
		1BE309761B4FC4120008EF74 /* DBSCAN.h */ = {isa = PBXFileReference; fileEncoding = 4; lastKnownFileType = sourcecode.c.h; path = DBSCAN.h; sourceTree = "<group>"; };
		1BE309771B4FC4120008EF74 /* DBSCAN.m */ = {isa = PBXFileReference; fileEncoding = 4; lastKnownFileType = sourcecode.c.objc; path = DBSCAN.m; sourceTree = "<group>"; };
		1BF278A51AE8EE5600022ACF /* UIImage+Scale.h */ = {isa = PBXFileReference; fileEncoding = 4; lastKnownFileType = sourcecode.c.h; path = "UIImage+Scale.h"; sourceTree = "<group>"; };
		1BF278A61AE8EE5600022ACF /* UIImage+Scale.m */ = {isa = PBXFileReference; fileEncoding = 4; lastKnownFileType = sourcecode.c.objc; path = "UIImage+Scale.m"; sourceTree = "<group>"; };
		1BF597F51B1709A50037A507 /* libsqlite3.dylib */ = {isa = PBXFileReference; lastKnownFileType = "compiled.mach-o.dylib"; name = libsqlite3.dylib; path = usr/lib/libsqlite3.dylib; sourceTree = SDKROOT; };
		1BF597F71B1729540037A507 /* PopAnnotationView.h */ = {isa = PBXFileReference; fileEncoding = 4; lastKnownFileType = sourcecode.c.h; path = PopAnnotationView.h; sourceTree = "<group>"; };
		1BF597F81B1729540037A507 /* PopAnnotationView.m */ = {isa = PBXFileReference; fileEncoding = 4; lastKnownFileType = sourcecode.c.objc; path = PopAnnotationView.m; sourceTree = "<group>"; };
		C0D5CA9BE0B95C177B681D7B /* libPods-diandi.a */ = {isa = PBXFileReference; explicitFileType = archive.ar; includeInIndex = 0; path = "libPods-diandi.a"; sourceTree = BUILT_PRODUCTS_DIR; };
		E84A626A42C6A40DB687C670 /* Pods-diandi.release.xcconfig */ = {isa = PBXFileReference; includeInIndex = 1; lastKnownFileType = text.xcconfig; name = "Pods-diandi.release.xcconfig"; path = "Pods/Target Support Files/Pods-diandi/Pods-diandi.release.xcconfig"; sourceTree = "<group>"; };
		F3B51D707D8013AB76238B33 /* Pods-diandi.debug.xcconfig */ = {isa = PBXFileReference; includeInIndex = 1; lastKnownFileType = text.xcconfig; name = "Pods-diandi.debug.xcconfig"; path = "Pods/Target Support Files/Pods-diandi/Pods-diandi.debug.xcconfig"; sourceTree = "<group>"; };
/* End PBXFileReference section */

/* Begin PBXFrameworksBuildPhase section */
		1B010F981ADF9B2600F37746 /* Frameworks */ = {
			isa = PBXFrameworksBuildPhase;
			buildActionMask = 2147483647;
			files = (
				1B01100A1ADFB3C000F37746 /* libc++abi.dylib in Frameworks */,
				1B0110051ADFA92C00F37746 /* AssetsLibrary.framework in Frameworks */,
				1B0110031ADFA86C00F37746 /* MobileCoreServices.framework in Frameworks */,
				1B0110011ADF9F6900F37746 /* CoreData.framework in Frameworks */,
				1B010FFF1ADF9F4600F37746 /* CoreGraphics.framework in Frameworks */,
				1B010FFD1ADF9F3F00F37746 /* ImageIO.framework in Frameworks */,
				1B010FFB1ADF9F3600F37746 /* MapKit.framework in Frameworks */,
				1B010FF91ADF9F3200F37746 /* UIKit.framework in Frameworks */,
				206BFA9AF1DE3482DAFC2E95 /* libPods-diandi.a in Frameworks */,
			);
			runOnlyForDeploymentPostprocessing = 0;
		};
/* End PBXFrameworksBuildPhase section */

/* Begin PBXGroup section */
		1B010F921ADF9B2600F37746 = {
			isa = PBXGroup;
			children = (
				1B010F9D1ADF9B2600F37746 /* diandi */,
				1B010FBA1ADF9B2600F37746 /* diandiTests */,
				1B010FF71ADF9F1C00F37746 /* Frameworks */,
				1B010F9C1ADF9B2600F37746 /* Products */,
				970778CA47626A323ECD1FB0 /* Pods */,
			);
			sourceTree = "<group>";
		};
		1B010F9C1ADF9B2600F37746 /* Products */ = {
			isa = PBXGroup;
			children = (
				1B010F9B1ADF9B2600F37746 /* diandi.app */,
			);
			name = Products;
			sourceTree = "<group>";
		};
		1B010F9D1ADF9B2600F37746 /* diandi */ = {
			isa = PBXGroup;
			children = (
				1B010FD01ADF9CFB00F37746 /* Define.h */,
				1B010FA21ADF9B2600F37746 /* AppDelegate.h */,
				1B010FA31ADF9B2600F37746 /* AppDelegate.m */,
				1B010FC71ADF9B4400F37746 /* Class */,
				1B010FAE1ADF9B2600F37746 /* Images.xcassets */,
				1B010FB01ADF9B2600F37746 /* LaunchScreen.xib */,
				1B010FC81ADF9B4400F37746 /* Model */,
				1B010FC91ADF9B4400F37746 /* plusin */,
				1B010FCA1ADF9BC000F37746 /* RootViewController.h */,
				1B010FCB1ADF9BC000F37746 /* RootViewController.m */,
				1B010F9E1ADF9B2600F37746 /* Supporting Files */,
				1BD3418A1B1877EF00A784A9 /* diandi.xcdatamodeld */,
			);
			path = diandi;
			sourceTree = "<group>";
		};
		1B010F9E1ADF9B2600F37746 /* Supporting Files */ = {
			isa = PBXGroup;
			children = (
				1B010F9F1ADF9B2600F37746 /* Info.plist */,
				1B010FA01ADF9B2600F37746 /* main.m */,
				1B010FF61ADF9EB000F37746 /* diandi-Prefix.pch */,
			);
			name = "Supporting Files";
			sourceTree = "<group>";
		};
		1B010FBA1ADF9B2600F37746 /* diandiTests */ = {
			isa = PBXGroup;
			children = (
				1B010FBD1ADF9B2600F37746 /* diandiTests.m */,
				1B010FBB1ADF9B2600F37746 /* Supporting Files */,
			);
			path = diandiTests;
			sourceTree = "<group>";
		};
		1B010FBB1ADF9B2600F37746 /* Supporting Files */ = {
			isa = PBXGroup;
			children = (
				1B010FBC1ADF9B2600F37746 /* Info.plist */,
			);
			name = "Supporting Files";
			sourceTree = "<group>";
		};
		1B010FC71ADF9B4400F37746 /* Class */ = {
			isa = PBXGroup;
			children = (
				1B58DAF21BB2477B00F8FDE7 /* generalView */,
				1BF597FA1B181C230037A507 /* View */,
				1B010FCD1ADF9C5100F37746 /* TourMainViewController.h */,
				1B010FCE1ADF9C5100F37746 /* TourMainViewController.m */,
				1B1A37A61B0AC5130075B9DE /* PopMapViewController.h */,
				1B1A37A71B0AC5130075B9DE /* PopMapViewController.m */,
				1BADA3BC1B8B13460071240C /* DDNoteViewController.h */,
				1BADA3BD1B8B13460071240C /* DDNoteViewController.m */,
				1BADA3C81B8C0F000071240C /* DDTabBarViewController.h */,
				1BADA3C91B8C0F000071240C /* DDTabBarViewController.m */,
			);
			path = Class;
			sourceTree = "<group>";
		};
		1B010FC81ADF9B4400F37746 /* Model */ = {
			isa = PBXGroup;
			children = (
				1B15455F1B5A3FCD007B41D5 /* DPhoto.h */,
				1B1545601B5A3FCD007B41D5 /* DPhoto.m */,
				1B1545611B5A3FCD007B41D5 /* DGroup.h */,
				1B1545621B5A3FCD007B41D5 /* DGroup.m */,
				1B1A37CA1B0AD0AC0075B9DE /* DAnnotation.h */,
				1B1A37CB1B0AD0AC0075B9DE /* DAnnotation.m */,
				1B06BE091BB63C19009B587B /* DDSpotModel.h */,
				1B06BE0A1BB63C19009B587B /* DDSpotModel.m */,
			);
			path = Model;
			sourceTree = "<group>";
		};
		1B010FC91ADF9B4400F37746 /* plusin */ = {
			isa = PBXGroup;
			children = (
				1BE309761B4FC4120008EF74 /* DBSCAN.h */,
				1BE309771B4FC4120008EF74 /* DBSCAN.m */,
				1BF278A41AE8EE4500022ACF /* Category */,
			);
			path = plusin;
			sourceTree = "<group>";
		};
		1B010FF71ADF9F1C00F37746 /* Frameworks */ = {
			isa = PBXGroup;
			children = (
				1BF597F51B1709A50037A507 /* libsqlite3.dylib */,
				1B0110091ADFB3C000F37746 /* libc++abi.dylib */,
				1B0110041ADFA92C00F37746 /* AssetsLibrary.framework */,
				1B0110021ADFA86C00F37746 /* MobileCoreServices.framework */,
				1B0110001ADF9F6900F37746 /* CoreData.framework */,
				1B010FFE1ADF9F4600F37746 /* CoreGraphics.framework */,
				1B010FFC1ADF9F3F00F37746 /* ImageIO.framework */,
				1B010FFA1ADF9F3600F37746 /* MapKit.framework */,
				1B010FF81ADF9F3200F37746 /* UIKit.framework */,
				C0D5CA9BE0B95C177B681D7B /* libPods-diandi.a */,
			);
			name = Frameworks;
			sourceTree = "<group>";
		};
		1B58DAF21BB2477B00F8FDE7 /* generalView */ = {
			isa = PBXGroup;
			children = (
				1B58DAF31BB2478B00F8FDE7 /* ASPageView.h */,
				1B58DAF41BB2478B00F8FDE7 /* ASPageView.m */,
				1B58DAF51BB2478B00F8FDE7 /* ASPickerView.h */,
				1B58DAF61BB2478B00F8FDE7 /* ASPickerView.m */,
				1B58DAF71BB2478B00F8FDE7 /* ASWaitingView.h */,
				1B58DAF81BB2478B00F8FDE7 /* ASWaitingView.m */,
				1B58DAF91BB2478B00F8FDE7 /* MJRefresh */,
			);
			path = generalView;
			sourceTree = "<group>";
		};
		1B58DAF91BB2478B00F8FDE7 /* MJRefresh */ = {
			isa = PBXGroup;
			children = (
				1B58DAFA1BB2478B00F8FDE7 /* MJRefresh.h */,
				1B58DAFB1BB2478B00F8FDE7 /* MJRefreshBaseView.h */,
				1B58DAFC1BB2478B00F8FDE7 /* MJRefreshBaseView.m */,
				1B58DAFD1BB2478B00F8FDE7 /* MJRefreshConst.h */,
				1B58DAFE1BB2478B00F8FDE7 /* MJRefreshConst.m */,
				1B58DAFF1BB2478B00F8FDE7 /* MJRefreshFooterView.h */,
				1B58DB001BB2478B00F8FDE7 /* MJRefreshFooterView.m */,
				1B58DB011BB2478B00F8FDE7 /* MJRefreshHeaderView.h */,
				1B58DB021BB2478B00F8FDE7 /* MJRefreshHeaderView.m */,
				1B58DB031BB2478B00F8FDE7 /* UIScrollView+MJExtension.h */,
				1B58DB041BB2478B00F8FDE7 /* UIScrollView+MJExtension.m */,
				1B58DB051BB2478B00F8FDE7 /* UIScrollView+MJRefresh.h */,
				1B58DB061BB2478B00F8FDE7 /* UIScrollView+MJRefresh.m */,
				1B58DB071BB2478B00F8FDE7 /* UIView+MJExtension.h */,
				1B58DB081BB2478B00F8FDE7 /* UIView+MJExtension.m */,
			);
			path = MJRefresh;
			sourceTree = "<group>";
		};
		1BF278A41AE8EE4500022ACF /* Category */ = {
			isa = PBXGroup;
			children = (
				1B3999371B1D9D9700FEA549 /* CLLocation+Addtion.h */,
				1B3999381B1D9D9700FEA549 /* CLLocation+Addtion.m */,
				1B39992C1B1C687500FEA549 /* NSDate+Addition.h */,
				1B39992D1B1C687500FEA549 /* NSDate+Addition.m */,
				1BADA3B31B8B0DE20071240C /* UIFont+Addtion.h */,
				1BADA3B41B8B0DE20071240C /* UIFont+Addtion.m */,
				1BF278A51AE8EE5600022ACF /* UIImage+Scale.h */,
				1BF278A61AE8EE5600022ACF /* UIImage+Scale.m */,
				1BADA3CB1B8C0F7C0071240C /* UITabBarItem+Universal.h */,
				1BADA3CC1B8C0F7C0071240C /* UITabBarItem+Universal.m */,
				1BDC3E311B2972D500EE98EB /* UIView+Layout.h */,
				1BDC3E321B2972D500EE98EB /* UIView+Layout.m */,
			);
			path = Category;
			sourceTree = "<group>";
		};
		1BF597FA1B181C230037A507 /* View */ = {
			isa = PBXGroup;
			children = (
				1BADA3B01B8B09820071240C /* DDGradeView.h */,
				1BADA3B11B8B09820071240C /* DDGradeView.m */,
				1BADA3C21B8B1F5D0071240C /* DDLinkageCell.h */,
				1BADA3C31B8B1F5D0071240C /* DDLinkageCell.m */,
				1BADA3BF1B8B1E980071240C /* DDLinkageView.h */,
				1BADA3C01B8B1E980071240C /* DDLinkageView.m */,
				1B3714DA1B8C46F200A49CC3 /* DDMenuButton.h */,
				1B3714DB1B8C46F200A49CC3 /* DDMenuButton.m */,
				1BADA3C51B8B211B0071240C /* DDPopAreaView.h */,
				1BADA3C61B8B211B0071240C /* DDPopAreaView.m */,
				1B1C2D811BC3A662001496BC /* DDPopContainerView.h */,
				1B1C2D821BC3A662001496BC /* DDPopContainerView.m */,
				1B06BE061BB63674009B587B /* DDNoteTableViewCell.h */,
				1B06BE071BB63674009B587B /* DDNoteTableViewCell.m */,
				1BADA3B61B8B0EB30071240C /* DDTagCollectionViewCell.h */,
				1BADA3B71B8B0EB30071240C /* DDTagCollectionViewCell.m */,
				1BDC3E2E1B29707900EE98EB /* FolderCellView.h */,
				1BDC3E2F1B29707900EE98EB /* FolderCellView.m */,
				1B6520561B2BE1D100D55186 /* FolderLayout.h */,
				1B6520571B2BE1D100D55186 /* FolderLayout.m */,
				1BF597F71B1729540037A507 /* PopAnnotationView.h */,
				1BF597F81B1729540037A507 /* PopAnnotationView.m */,
				1B3999311B1D555600FEA549 /* SignFolderView.h */,
				1B3999321B1D555600FEA549 /* SignFolderView.m */,
				1B39992F1B1D537100FEA549 /* SignFolderView.xib */,
				1B1C2D841BC3BE4A001496BC /* DDTopMenuView.h */,
				1B1C2D851BC3BE4A001496BC /* DDTopMenuView.m */,
			);
			name = View;
			sourceTree = "<group>";
		};
		970778CA47626A323ECD1FB0 /* Pods */ = {
			isa = PBXGroup;
			children = (
				F3B51D707D8013AB76238B33 /* Pods-diandi.debug.xcconfig */,
				E84A626A42C6A40DB687C670 /* Pods-diandi.release.xcconfig */,
			);
			name = Pods;
			sourceTree = "<group>";
		};
/* End PBXGroup section */

/* Begin PBXNativeTarget section */
		1B010F9A1ADF9B2600F37746 /* diandi */ = {
			isa = PBXNativeTarget;
			buildConfigurationList = 1B010FC11ADF9B2600F37746 /* Build configuration list for PBXNativeTarget "diandi" */;
			buildPhases = (
				266DC09AB1A6BA42E05F7955 /* Check Pods Manifest.lock */,
				1B010F971ADF9B2600F37746 /* Sources */,
				1B010F981ADF9B2600F37746 /* Frameworks */,
				1B010F991ADF9B2600F37746 /* Resources */,
				96C00C0CC2D01E5D86A2D0CC /* Copy Pods Resources */,
			);
			buildRules = (
			);
			dependencies = (
			);
			name = diandi;
			productName = diandi;
			productReference = 1B010F9B1ADF9B2600F37746 /* diandi.app */;
			productType = "com.apple.product-type.application";
		};
/* End PBXNativeTarget section */

/* Begin PBXProject section */
		1B010F931ADF9B2600F37746 /* Project object */ = {
			isa = PBXProject;
			attributes = {
				LastUpgradeCheck = 0700;
				ORGANIZATIONNAME = kjubo;
				TargetAttributes = {
					1B010F9A1ADF9B2600F37746 = {
						CreatedOnToolsVersion = 6.3;
						DevelopmentTeam = CL3S2N6PSJ;
					};
				};
			};
			buildConfigurationList = 1B010F961ADF9B2600F37746 /* Build configuration list for PBXProject "diandi" */;
			compatibilityVersion = "Xcode 3.2";
			developmentRegion = English;
			hasScannedForEncodings = 0;
			knownRegions = (
				en,
				Base,
			);
			mainGroup = 1B010F921ADF9B2600F37746;
			productRefGroup = 1B010F9C1ADF9B2600F37746 /* Products */;
			projectDirPath = "";
			projectRoot = "";
			targets = (
				1B010F9A1ADF9B2600F37746 /* diandi */,
			);
		};
/* End PBXProject section */

/* Begin PBXResourcesBuildPhase section */
		1B010F991ADF9B2600F37746 /* Resources */ = {
			isa = PBXResourcesBuildPhase;
			buildActionMask = 2147483647;
			files = (
				1B3999301B1D537100FEA549 /* SignFolderView.xib in Resources */,
				1B010FB21ADF9B2600F37746 /* LaunchScreen.xib in Resources */,
				1B010FAF1ADF9B2600F37746 /* Images.xcassets in Resources */,
			);
			runOnlyForDeploymentPostprocessing = 0;
		};
/* End PBXResourcesBuildPhase section */

/* Begin PBXShellScriptBuildPhase section */
		266DC09AB1A6BA42E05F7955 /* Check Pods Manifest.lock */ = {
			isa = PBXShellScriptBuildPhase;
			buildActionMask = 2147483647;
			files = (
			);
			inputPaths = (
			);
			name = "Check Pods Manifest.lock";
			outputPaths = (
			);
			runOnlyForDeploymentPostprocessing = 0;
			shellPath = /bin/sh;
			shellScript = "diff \"${PODS_ROOT}/../Podfile.lock\" \"${PODS_ROOT}/Manifest.lock\" > /dev/null\nif [[ $? != 0 ]] ; then\n    cat << EOM\nerror: The sandbox is not in sync with the Podfile.lock. Run 'pod install' or update your CocoaPods installation.\nEOM\n    exit 1\nfi\n";
			showEnvVarsInLog = 0;
		};
		96C00C0CC2D01E5D86A2D0CC /* Copy Pods Resources */ = {
			isa = PBXShellScriptBuildPhase;
			buildActionMask = 2147483647;
			files = (
			);
			inputPaths = (
			);
			name = "Copy Pods Resources";
			outputPaths = (
			);
			runOnlyForDeploymentPostprocessing = 0;
			shellPath = /bin/sh;
			shellScript = "\"${SRCROOT}/Pods/Target Support Files/Pods-diandi/Pods-diandi-resources.sh\"\n";
			showEnvVarsInLog = 0;
		};
/* End PBXShellScriptBuildPhase section */

/* Begin PBXSourcesBuildPhase section */
		1B010F971ADF9B2600F37746 /* Sources */ = {
			isa = PBXSourcesBuildPhase;
			buildActionMask = 2147483647;
			files = (
				1B58DB101BB2478B00F8FDE7 /* UIScrollView+MJExtension.m in Sources */,
				1B58DB091BB2478B00F8FDE7 /* ASPageView.m in Sources */,
				1B010FCF1ADF9C5100F37746 /* TourMainViewController.m in Sources */,
				1BDC3E301B29707900EE98EB /* FolderCellView.m in Sources */,
				1BADA3B81B8B0EB30071240C /* DDTagCollectionViewCell.m in Sources */,
				1B58DB0B1BB2478B00F8FDE7 /* ASWaitingView.m in Sources */,
				1BE309781B4FC4120008EF74 /* DBSCAN.m in Sources */,
				1BF597F91B1729540037A507 /* PopAnnotationView.m in Sources */,
				1BDC3E331B2972D500EE98EB /* UIView+Layout.m in Sources */,
				1B58DB0E1BB2478B00F8FDE7 /* MJRefreshFooterView.m in Sources */,
				1B58DB0D1BB2478B00F8FDE7 /* MJRefreshConst.m in Sources */,
				1BADA3CA1B8C0F000071240C /* DDTabBarViewController.m in Sources */,
				1BD3418C1B1877EF00A784A9 /* diandi.xcdatamodeld in Sources */,
				1B58DB0C1BB2478B00F8FDE7 /* MJRefreshBaseView.m in Sources */,
				1B06BE081BB63674009B587B /* DDNoteTableViewCell.m in Sources */,
				1B1C2D861BC3BE4A001496BC /* DDTopMenuView.m in Sources */,
				1B06BE0B1BB63C19009B587B /* DDSpotModel.m in Sources */,
				1B1A37A81B0AC5130075B9DE /* PopMapViewController.m in Sources */,
				1B58DB121BB2478B00F8FDE7 /* UIView+MJExtension.m in Sources */,
				1BADA3B21B8B09820071240C /* DDGradeView.m in Sources */,
				1B1545631B5A3FCD007B41D5 /* DPhoto.m in Sources */,
				1B58DB0F1BB2478B00F8FDE7 /* MJRefreshHeaderView.m in Sources */,
				1B58DB111BB2478B00F8FDE7 /* UIScrollView+MJRefresh.m in Sources */,
				1B010FA41ADF9B2600F37746 /* AppDelegate.m in Sources */,
				1BADA3BE1B8B13460071240C /* DDNoteViewController.m in Sources */,
				1B3999391B1D9D9700FEA549 /* CLLocation+Addtion.m in Sources */,
				1B3714DC1B8C46F200A49CC3 /* DDMenuButton.m in Sources */,
				1BADA3C41B8B1F5D0071240C /* DDLinkageCell.m in Sources */,
				1B1545641B5A3FCD007B41D5 /* DGroup.m in Sources */,
				1B010FCC1ADF9BC000F37746 /* RootViewController.m in Sources */,
				1BADA3C11B8B1E980071240C /* DDLinkageView.m in Sources */,
				1B3999331B1D555600FEA549 /* SignFolderView.m in Sources */,
				1BADA3B51B8B0DE20071240C /* UIFont+Addtion.m in Sources */,
				1BADA3C71B8B211B0071240C /* DDPopAreaView.m in Sources */,
				1B1A37CC1B0AD0AC0075B9DE /* DAnnotation.m in Sources */,
				1B1C2D831BC3A662001496BC /* DDPopContainerView.m in Sources */,
				1B58DB0A1BB2478B00F8FDE7 /* ASPickerView.m in Sources */,
				1B6520581B2BE1D100D55186 /* FolderLayout.m in Sources */,
				1B39992E1B1C687500FEA549 /* NSDate+Addition.m in Sources */,
				1BF278A71AE8EE5600022ACF /* UIImage+Scale.m in Sources */,
				1B010FA11ADF9B2600F37746 /* main.m in Sources */,
				1BADA3CD1B8C0F7C0071240C /* UITabBarItem+Universal.m in Sources */,
			);
			runOnlyForDeploymentPostprocessing = 0;
		};
/* End PBXSourcesBuildPhase section */

/* Begin PBXVariantGroup section */
		1B010FB01ADF9B2600F37746 /* LaunchScreen.xib */ = {
			isa = PBXVariantGroup;
			children = (
				1B010FB11ADF9B2600F37746 /* Base */,
			);
			name = LaunchScreen.xib;
			sourceTree = "<group>";
		};
/* End PBXVariantGroup section */

/* Begin XCBuildConfiguration section */
		1B010FBF1ADF9B2600F37746 /* Debug */ = {
			isa = XCBuildConfiguration;
			buildSettings = {
				ALWAYS_SEARCH_USER_PATHS = NO;
				CLANG_CXX_LANGUAGE_STANDARD = "gnu++0x";
				CLANG_CXX_LIBRARY = "libc++";
				CLANG_ENABLE_MODULES = YES;
				CLANG_ENABLE_OBJC_ARC = YES;
				CLANG_WARN_BOOL_CONVERSION = YES;
				CLANG_WARN_CONSTANT_CONVERSION = YES;
				CLANG_WARN_DIRECT_OBJC_ISA_USAGE = YES_ERROR;
				CLANG_WARN_EMPTY_BODY = YES;
				CLANG_WARN_ENUM_CONVERSION = YES;
				CLANG_WARN_INT_CONVERSION = YES;
				CLANG_WARN_OBJC_ROOT_CLASS = YES_ERROR;
				CLANG_WARN_UNREACHABLE_CODE = YES;
				CLANG_WARN__DUPLICATE_METHOD_MATCH = YES;
				"CODE_SIGN_IDENTITY[sdk=iphoneos*]" = "iPhone Developer";
				COPY_PHASE_STRIP = NO;
				DEBUG_INFORMATION_FORMAT = "dwarf-with-dsym";
				ENABLE_STRICT_OBJC_MSGSEND = YES;
				ENABLE_TESTABILITY = YES;
				GCC_C_LANGUAGE_STANDARD = gnu99;
				GCC_DYNAMIC_NO_PIC = NO;
				GCC_NO_COMMON_BLOCKS = YES;
				GCC_OPTIMIZATION_LEVEL = 0;
				GCC_PREPROCESSOR_DEFINITIONS = (
					"DEBUG=1",
					"$(inherited)",
				);
				GCC_SYMBOLS_PRIVATE_EXTERN = NO;
				GCC_WARN_64_TO_32_BIT_CONVERSION = YES;
				GCC_WARN_ABOUT_RETURN_TYPE = YES_ERROR;
				GCC_WARN_UNDECLARED_SELECTOR = YES;
				GCC_WARN_UNINITIALIZED_AUTOS = YES_AGGRESSIVE;
				GCC_WARN_UNUSED_FUNCTION = YES;
				GCC_WARN_UNUSED_VARIABLE = YES;
				IPHONEOS_DEPLOYMENT_TARGET = 8.3;
				MTL_ENABLE_DEBUG_INFO = YES;
				ONLY_ACTIVE_ARCH = YES;
				SDKROOT = iphoneos;
			};
			name = Debug;
		};
		1B010FC01ADF9B2600F37746 /* Release */ = {
			isa = XCBuildConfiguration;
			buildSettings = {
				ALWAYS_SEARCH_USER_PATHS = NO;
				CLANG_CXX_LANGUAGE_STANDARD = "gnu++0x";
				CLANG_CXX_LIBRARY = "libc++";
				CLANG_ENABLE_MODULES = YES;
				CLANG_ENABLE_OBJC_ARC = YES;
				CLANG_WARN_BOOL_CONVERSION = YES;
				CLANG_WARN_CONSTANT_CONVERSION = YES;
				CLANG_WARN_DIRECT_OBJC_ISA_USAGE = YES_ERROR;
				CLANG_WARN_EMPTY_BODY = YES;
				CLANG_WARN_ENUM_CONVERSION = YES;
				CLANG_WARN_INT_CONVERSION = YES;
				CLANG_WARN_OBJC_ROOT_CLASS = YES_ERROR;
				CLANG_WARN_UNREACHABLE_CODE = YES;
				CLANG_WARN__DUPLICATE_METHOD_MATCH = YES;
				"CODE_SIGN_IDENTITY[sdk=iphoneos*]" = "iPhone Developer";
				COPY_PHASE_STRIP = NO;
				DEBUG_INFORMATION_FORMAT = "dwarf-with-dsym";
				ENABLE_NS_ASSERTIONS = NO;
				ENABLE_STRICT_OBJC_MSGSEND = YES;
				GCC_C_LANGUAGE_STANDARD = gnu99;
				GCC_NO_COMMON_BLOCKS = YES;
				GCC_WARN_64_TO_32_BIT_CONVERSION = YES;
				GCC_WARN_ABOUT_RETURN_TYPE = YES_ERROR;
				GCC_WARN_UNDECLARED_SELECTOR = YES;
				GCC_WARN_UNINITIALIZED_AUTOS = YES_AGGRESSIVE;
				GCC_WARN_UNUSED_FUNCTION = YES;
				GCC_WARN_UNUSED_VARIABLE = YES;
				IPHONEOS_DEPLOYMENT_TARGET = 8.3;
				MTL_ENABLE_DEBUG_INFO = NO;
				SDKROOT = iphoneos;
				VALIDATE_PRODUCT = YES;
			};
			name = Release;
		};
		1B010FC21ADF9B2600F37746 /* Debug */ = {
			isa = XCBuildConfiguration;
			baseConfigurationReference = F3B51D707D8013AB76238B33 /* Pods-diandi.debug.xcconfig */;
			buildSettings = {
				ASSETCATALOG_COMPILER_APPICON_NAME = AppIcon;
				CODE_SIGN_IDENTITY = "iPhone Developer";
				"CODE_SIGN_IDENTITY[sdk=iphoneos*]" = "iPhone Developer";
				GCC_PRECOMPILE_PREFIX_HEADER = YES;
				GCC_PREFIX_HEADER = "diandi/diandi-Prefix.pch";
				INFOPLIST_FILE = diandi/Info.plist;
				IPHONEOS_DEPLOYMENT_TARGET = 7.0;
				LD_RUNPATH_SEARCH_PATHS = "$(inherited) @executable_path/Frameworks";
				PRODUCT_BUNDLE_IDENTIFIER = "com.kjubo.$(PRODUCT_NAME:rfc1034identifier)";
				PRODUCT_NAME = "$(TARGET_NAME)";
				PROVISIONING_PROFILE = "";
			};
			name = Debug;
		};
		1B010FC31ADF9B2600F37746 /* Release */ = {
			isa = XCBuildConfiguration;
			baseConfigurationReference = E84A626A42C6A40DB687C670 /* Pods-diandi.release.xcconfig */;
			buildSettings = {
				ASSETCATALOG_COMPILER_APPICON_NAME = AppIcon;
				CODE_SIGN_IDENTITY = "iPhone Developer";
				"CODE_SIGN_IDENTITY[sdk=iphoneos*]" = "iPhone Developer";
				GCC_PRECOMPILE_PREFIX_HEADER = YES;
				GCC_PREFIX_HEADER = "diandi/diandi-Prefix.pch";
				INFOPLIST_FILE = diandi/Info.plist;
				IPHONEOS_DEPLOYMENT_TARGET = 7.0;
				LD_RUNPATH_SEARCH_PATHS = "$(inherited) @executable_path/Frameworks";
				PRODUCT_BUNDLE_IDENTIFIER = "com.kjubo.$(PRODUCT_NAME:rfc1034identifier)";
				PRODUCT_NAME = "$(TARGET_NAME)";
				PROVISIONING_PROFILE = "";
			};
			name = Release;
		};
/* End XCBuildConfiguration section */

/* Begin XCConfigurationList section */
		1B010F961ADF9B2600F37746 /* Build configuration list for PBXProject "diandi" */ = {
			isa = XCConfigurationList;
			buildConfigurations = (
				1B010FBF1ADF9B2600F37746 /* Debug */,
				1B010FC01ADF9B2600F37746 /* Release */,
			);
			defaultConfigurationIsVisible = 0;
			defaultConfigurationName = Release;
		};
		1B010FC11ADF9B2600F37746 /* Build configuration list for PBXNativeTarget "diandi" */ = {
			isa = XCConfigurationList;
			buildConfigurations = (
				1B010FC21ADF9B2600F37746 /* Debug */,
				1B010FC31ADF9B2600F37746 /* Release */,
			);
			defaultConfigurationIsVisible = 0;
			defaultConfigurationName = Release;
		};
/* End XCConfigurationList section */

/* Begin XCVersionGroup section */
		1BD3418A1B1877EF00A784A9 /* diandi.xcdatamodeld */ = {
			isa = XCVersionGroup;
			children = (
				1BD3418B1B1877EF00A784A9 /* diandi.xcdatamodel */,
			);
			currentVersion = 1BD3418B1B1877EF00A784A9 /* diandi.xcdatamodel */;
			path = diandi.xcdatamodeld;
			sourceTree = "<group>";
			versionGroupType = wrapper.xcdatamodel;
		};
/* End XCVersionGroup section */
	};
	rootObject = 1B010F931ADF9B2600F37746 /* Project object */;
}
